;; GNU Emacs     v28.2            nil
;; Doom core     v3.0.0-pre       HEAD -> master, origin/master, origin/HEAD 07fca7861 2023-05-30 19:39:04 -0400
;; Doom modules  v23.03.0-pre     HEAD -> master, origin/master, origin/HEAD 07fca7861 2023-05-30 19:39:04 -0400
(package! ace-window :pin "77115afc1b0b9f633084cf7479c767988106c196")
(package! adaptive-wrap :pin "0d5b4a07de76d87dd64333a566a8a0a845f2b9f0")
(package! adoc-mode :pin "a7691c8b9a738fd724007a2a283ed2c20684a7e5")
(package! a.el :pin "93e5ed8c495794d1ba3c04b43041b95ce01079b1")
(package! alert :pin "c762380ff71c429faf47552a83605b2578656380")
(package! all-the-icons-completion :pin "b08f053cee444546ab44a05fd541f59e8bc8983b")
(package! all-the-icons-dired :pin "5e9b097f9950cc9f86de922b07903a4e5fefc733")
(package! all-the-icons.el :pin "51bf77da1ebc3c199dfc11f54c0dce67559f5f40")
(package! anaconda-mode :pin "ca8edbaa7662d97e4a4416ec9a8d743863303911")
(package! anaphora :pin "3b2da3f759b244975852e79721c4a2dbad3905cf")
(package! annalist.el :pin "134fa3f0fb91a636a1c005c483516d4b64905a6d")
(package! ansible-doc :pin "86083a7bb2ed0468ca64e52076b06441a2f8e9e0")
(package! anzu :pin "5abb37455ea44fa401d5f4c1bdc58adb2448db67")
(package! auctex :pin "3929d5408b1e0d68cadeef7536a26ce29b1d36ea")
(package! auto-minor-mode :pin "17cfa1b54800fdef2975c0c0531dad34846a5065")
(package! auto-yasnippet :pin "6a9e406d0d7f9dfd6dff7647f358cb05a0b1637e")
(package! avy :pin "955c8dedd68c74f3cf692c1249513f048518c4c9")
(package! better-jumper :pin "47622213783ece37d5337dc28d33b530540fc319")
(package! browse-at-remote :pin "c020975a891438e278ad1855213d4f3d62c9fccb")
(package! bui.el :pin "f3a137628e112a91910fd33c0cff0948fa58d470")
(package! centered-window-mode :pin "80965f6c6afe8d918481433984b493de72af5399")
(package! cfrs :pin "f3a21f237b2a54e6b9f8a420a9da42b4f0a63121")
(package! circe :pin "57fe189d7c0b98b9b1b5a59767cea1c7e2c22b13")
(package! circe-notifications :pin "291149ac12877bbd062da993479d3533a26862b0")
(package! closql :pin "0a7226331ff1f96142199915c0ac7940bac4afdd")
(package! cmake-mode :pin "6ce56331445ad7ef79a11d5a3163364a883067c2")
(package! code-review :pin "26f426e99221a1f9356aabf874513e9105b68140")
(package! col-highlight :pin "ab60456a4b96cde2710761ff342db3716dc50776")
(package! company-anaconda :pin "da1566db41a68809ef7f91ebf2de28118067c89b")
(package! company-ansible :pin "79dd421b161efa49fbdffad57fa40edb41f484a3")
(package! company-auctex :pin "9400a2ec7459dde8cbf1a5d50dfee4e300ed7e18")
(package! company-box :pin "b6f53e26adf948aca55c3ff6c22c21a6a6614253")
(package! company-glsl :pin "404cd0694ab34971f9c01eb22126cd2e7d3f9dc4")
(package! company-go :pin "31948b463f2fc18f8801e5a8fe511fef300eb3dd")
(package! company-lua :pin "29f6819de4d691e5fd0b62893a9f4fbc1c6fcb52")
(package! company-math :pin "3eb006874e309ff4076d947fcbd61bb6806aa508")
(package! company-mode :pin "3ec40b0a0ea751b6c48f24abd58c8304deb53014")
(package! company-nginx :pin "8a9f1a5653fe2d9a5042bfb9377d54f37fcc64c8")
(package! company-reftex :pin "42eb98c6504e65989635d95ab81b65b9d5798e76")
(package! company-restclient :pin "e5a3ec54edb44776738c13e13e34c85b3085277b")
(package! company-shell :pin "5f959a63a6e66eb0cbdac3168cad523a62cc2ccd")
(package! company-web :pin "863fb84b81ed283474e50330cd8d27b1ca0d74f1")
(package! compat :pin "be1d94d5e0e2fc9f02d2cd240d255c3a43037ba3")
(package! consult :pin "511d8c0b072a660009fcba1f461dba9e21bc0cf0")
(package! consult-dir :pin "ed8f0874d26f10f5c5b181ab9f2cf4107df8a0eb")
(package! consult-flycheck :pin "fda630411ad9219f45136310f671b44eaefafcab")
(package! consult-lsp :pin "f8db3252c0daa41225ba4ed1c0d178b281cd3e90")
(package! csharp-mode :pin "02c61c219b2c22491eff9b7315fed661fab423d4")
(package! csproj-mode :pin "a7f0f4610c976a28c41b9b8299892f88b5d0336c")
(package! csv-mode :pin "d190a479b4f36806b604da527e5d5a50909d3ceb")
(package! cuda-mode :pin "7f593518fd135fc6af994024bcb47986dfa502d2")
(package! dap-mode :pin "39bfaf1a3400b3ca4e9755f4d15e33abb0dda2c4")
(package! dash-docs :pin "29848b6b347ac520f7646c200ed2ec36cea3feda")
(package! dash.el :pin "d5182da04ca54c026ea0bf381f2c1642a30e2686")
(package! define-word :pin "31a8c67405afa99d0e25e7c86a4ee7ef84a808fe")
(package! demangle-mode :pin "04f545adab066708d6151f13da65aaf519f8ac4e")
(package! diff-hl :pin "d20f16bf5eadd66e775f215e800f25caddae8cb5")
(package! diredfl :pin "f9140b2c42151dca669003d685c9f079b2e3dc37")
(package! dired-git-info :pin "9461476a28a5fec0784260f6e318237c662c3430")
(package! dired-rsync :pin "7940d9154d0a908693999b0e1ea351a6d365c93d")
(package! disaster :pin "0c13bd244cc43773af81e52ce73a55f199d58a61")
(package! docker.el :pin "cc0046e6a557dce0ccc4108dd22e04f21ba8b0dc")
(package! dockerfile-mode :pin "52c6c00da1d31c0b6c29c74335b3af63ed6bf06c")
(package! docker-tramp.el :pin "930d7b46c180d8a13240a028c1b40af84f2a3219")
(package! doom-modeline :pin "41dff2c9d9f6968f15afe7d710111b4340bc9b0d")
(package! drag-stuff.el :pin "6d06d846cd37c052d79acd0f372c13006aa7e7c8")
(package! dtrt-indent :pin "d4fd1b4977eb0d534844fddf01c3c51c70c57205")
(package! dumb-jump :pin "0a783d1db610ff1dc4e1b7869589cff16ff92f7a")
(package! ebnf-mode :pin "89df6ca4215b3a325dc94a8f246f403cacc99745")
(package! edit-indirect :pin "f80f63822ffae78de38dbe72cacaeb1aaa96c732")
(package! editorconfig-emacs :pin "6f6b5c1a95a7fd326915fedcf6de634fe0d79999")
(package! ef-themes :pin "cef008d8a18b6efd3f3e751fb1dc63067c1a3fc4")
(package! eldoc :pin "bf2e88dcf00e6554e24b517aa315527011042fae")
(package! elfeed :pin "162d7d545ed41c27967d108c04aa31f5a61c8e16")
(package! el-get :pin "d8321df8c44102afcba4d0e5bc6f2c2f85149adc")
(package! elisp-def :pin "1d2e88a232ec16bce036b49577c4d4d96035f9f7")
(package! elisp-demos :pin "792be709c82101aea0585ece7429e2fdded74494")
(package! elisp-refs :pin "bf3cca8f74065b1b31036f461e3a093b162311bd")
(package! elisp-tree-sitter :pin "3cfab8a0e945db9b3df84437f27945746a43cc71")
(package! emacs-aio :pin "da93523e235529fa97d6f251319d9e1d6fc24a41")
(package! emacs-ansible :pin "d89ac0ee57742cca0f0e0a3453d9dcc521575690")
(package! emacs-async :pin "3ae74c0a4ba223ba373e0cb636c385e08d8838be")
(package! emacs-bash-completion :pin "25611eed1e086c4e8cdd335dbd38b1d796be5b8d")
(package! emacs-bitwarden :pin "55160e239671722cecdb73f9bca022ed7e23b0d4")
(package! emacs-buttercup :pin "07a52c99695845a0089e828d43da154c0ba0c178")
(package! emacs-ccls :pin "29d231590fad39b4d658d9262859e60669edb9b0")
(package! emacs-company-dict :pin "cd7b8394f6014c57897f65d335d6b2bd65dab1f4")
(package! emacs-company-terraform :pin "8d5a16d1bbeeb18ca49a8fd57b5d8cd30c8b8dc7")
(package! emacs-deferred :pin "2239671d94b38d92e9b28d4e12fd79814cfb9c16")
(package! emacs-emojify :pin "1b726412f19896abf5e4857d4c32220e33400b55")
(package! emacs-everywhere :pin "b461c4b42093abc42e5ec0f73cb7021c2915cea8")
(package! emacs-fish :pin "d04478c0aba018cb789d77d591bfe315cb25132a")
(package! emacs-fish-completion :pin "10384881817b5ae38cf6197a077a663420090d2c")
(package! emacs-go-tag :pin "33f2059551d5298ca228d90f525b99d1a8d70364")
(package! emacs-hide-mode-line :pin "bc5d293576c5e08c29e694078b96a5ed85631942")
(package! emacs-htmlize :pin "dd27bc3f26efd728f2b1f01f9e4ac4f61f2ffbf9")
(package! emacs-ipython-notebook :pin "b2410dc96f61aa806a7934099d8f1e40c8f6ca18")
(package! emacs-k8s-mode :pin "83266cecd6a39cdf57d124270646047860bfb7ab")
(package! emacs-kv :pin "721148475bce38a70e0b678ba8aa923652e8900e")
(package! Emacs-langtool :pin "8276eccc5587bc12fd205ee58a7a982f0a136e41")
(package! emacs-libvterm :pin "3e5a9b754b8e61850bb7d1b63b090b9fbf6687f3")
(package! emacs-load-env-vars :pin "3808520efaf9492033f6e11a9bffd68eabf02a0f")
(package! emacs-load-relative :pin "b7987c265a64435299d6b02f960ed2c894c4a145")
(package! emacs-loc-changes :pin "622371e432f50626aaac82f8ee2841f71685b0fb")
(package! emacsmirror-mirror :pin "0a43ef003497eb559837b57a391cdc626581115a")
(package! emacs-powerthesaurus :pin "88bc5229cba1604c8f74db0a1456d99259d538cc")
(package! emacs-pug-mode :pin "73f8c2f95eba695f701df20c8436f49abadebdc1")
(package! emacs-python-pytest :pin "33c921adaa6c9c8f7cceba2342114c6b406e0d7c")
(package! emacsql :pin "64012261f65fcdd7ea137d1973ef051af1dced42")
(package! emacs-request :pin "01e338c335c07e4407239619e57361944a82cb8a")
(package! emacs-slim :pin "3636d18ab1c8b316eea71c4732eb44743e2ded87")
(package! emacs-solaire-mode :pin "8af65fbdc50b25ed3214da949b8a484527c7cc14")
(package! emacs-spell-fu :pin "aed6e87aa31013534b7a6cbedb26e4f29ccea735")
(package! emacs-test-simple :pin "ce6de04636e8d19ec84a475c03c0142b20a63de0")
(package! emacs-vdiff :pin "170e968c6a46a572b30c52c1b038232d418734cc")
(package! emacs-vdiff-magit :pin "413f32c9f7e66f8379c23b5ab6341695dbcc2f20")
(package! emacs-w3m :pin "ea60411ff2170872f6fb1fe858ffad41580009e6")
(package! emacs-web-server :pin "6260232da8b53c4e214bc5e427ec00c3ebdd9869")
(package! emacs-websocket :pin "1a08093b122d8cf20366a1cba5faddf7a53d08ed")
(package! Emacs-wgrep :pin "3132abd3750b8c87cbcf6942db952acfab5edccd")
(package! emacs-which-key :pin "8093644032854b1cdf3245ce4e3c7b6673f741bf")
(package! emacs-zmq :pin "9d5679c54f361f518a426586b51686674fd3b0fa")
(package! embark :pin "9b17d9a63b6960e026ad3c09a7871e0a3364e926")
(package! embrace.el :pin "dd5da196e5bcc5e6d87e1937eca0c21da4334ef2")
(package! emmet-mode :pin "63b6932603184956b5ea8919036d2b307b48d7fd")
(package! envrc :pin "1954e8c0b5c8440ea9852eeb7c046a677fa544f6")
(package! epl :pin "78ab7a85c08222cd15582a298a364774e3282ce6")
(package! eros :pin "dd8910279226259e100dab798b073a52f9b4233a")
(package! eshell-did-you-mean :pin "80cd8c4b186a2fb29621cf634bcf2bcd914f1e3d")
(package! eshell-syntax-highlighting :pin "1ba39a9ffb2298cd716a4314cf3f369028c7bafe")
(package! eshell-up :pin "ff84e6069b98f2ed00857a0f78bff19d96e4955c")
(package! eshell-z :pin "337cb241e17bd472bd3677ff166a0800f684213c")
(package! esh-help :pin "417673ed18a983930a66a6692dbfb288a995cb80")
(package! es-mode :pin "e82465fd785688bb58918ea62ca4de06a2a23a1e")
(package! esxml :pin "225693096a587492d76bf696d1f0c25c61f7d531")
(package! evil :pin "2ce03d412c4e93b0b89eb43d796c991806415b8a")
(package! evil-anzu :pin "d1e98ee6976437164627542909a25c6946497899")
(package! evil-args :pin "2671071a4a57eaee7cc8c27b9e4b6fc60fd2ccd3")
(package! evil-collection :pin "aaf3e0038e9255659fe0455729239c08498c4c0b")
(package! evil-easymotion :pin "f96c2ed38ddc07908db7c3c11bcd6285a3e8c2e9")
(package! evil-embrace.el :pin "7b5a539cfe7db238d860122c793a0cb2d329cc6e")
(package! evil-escape :pin "819f1ee1cf3f69a1ae920e6004f2c0baeebbe077")
(package! evil-exchange :pin "5f0a2d41434c17c6fb02e4f744043775de1c63a2")
(package! evil-goggles :pin "8f20a16e74016f37ad76dc4f2230d9b00c6df3c2")
(package! evil-indent-plus :pin "b4dacbfdb57f474f798bfbf5026d434d549eb65c")
(package! evil-lion :pin "a55eb647422342f6b1cf867f797b060b3645d9d8")
(package! evil-markdown :pin "8e6cc68af83914b2fa9fd3a3b8472573dbcef477")
(package! evil-mc :pin "63fd2fe0c213a4cc31c464d246f92931c4cb720f")
(package! evil-multiedit :pin "23b53bc8743fb82a8854ba907b1d277374c93a79")
(package! evil-nerd-commenter :pin "8c0f23d46a3927b9f83c1c2c4590be53d0b740db")
(package! evil-numbers :pin "7a1b62afc12da2b582bf84d722e7b10ca8b97065")
(package! evil-org-mode :pin "a9706da260c45b98601bcd72b1d2c0a24a017700")
(package! evil-quick-diff :pin "69c883720b30a892c63bc89f49d4f0e8b8028908")
(package! evil-snipe :pin "c07788c35cf8cd8e652a494322fdc0643e30a89f")
(package! evil-surround :pin "f273821f575ace519066fb106ee45a5b8577475f")
(package! evil-tex :pin "3e0a26b91a1a56b0f35cbd450d01431057551750")
(package! evil-textobj-anyblock :pin "29280cd71a05429364cdceef2ff595ae8afade4d")
(package! evil-textobj-tree-sitter :pin "02f8253034042d8f171bc0ef93e3538b71a29153")
(package! evil-traces :pin "290b5323542c46af364ec485c8ec9000040acf90")
(package! evil-vimish-fold :pin "b6e0e6b91b8cd047e80debef1a536d9d49eef31a")
(package! evil-visualstar :pin "06c053d8f7381f91c53311b1234872ca96ced752")
(package! exato :pin "aee7af7b7a0e7551478f453d1de7d5b9cb2e06c4")
(package! expand-region.el :pin "b70feaa644310dc2d599dc277cd20a1f2b6446ac")
(package! explain-pause-mode :pin "2356c8c3639cbeeb9751744dbe737267849b4b51")
(package! fd-dired :pin "458464771bb220b6eb87ccfd4c985c436e57dc7e")
(package! f.el :pin "19e1da061e759b05e8c480b426287a063ca39484")
(package! flycheck :pin "784f184cdd9f9cb4e3dbb997c09d93e954142842")
(package! flycheck-cask :pin "4b2ede6362ded4a45678dfbef1876faa42edbd58")
(package! flycheck-golangci-lint :pin "8e446c68311048f0b87febf8ef0379e29d358851")
(package! flycheck-package :pin "3a6aaed29ff61418c48c0251e1432c30748ae739")
(package! flycheck-popup-tip :pin "ef86aad907f27ca076859d8d9416f4f7727619c6")
(package! flycheck-posframe :pin "8f60c9bf124ab9597d681504a73fdf116a0bde12")
(package! font-lock-ext :pin "b6c82e8ac7996d96494a54454015a98ceb883feb")
(package! forge :pin "ba35ffc9bafc6457cc95633904e53e34e544543f")
(package! frame-local :pin "7ee1106c3bcd4022f48421f8cb1ef4f995da816e")
(package! fringe-helper.el :pin "ef4a9c023bae18ec1ddd7265f1f2d6d2e775efdd")
(package! gcmh :pin "0089f9c3a6d4e9a310d0791cf6fa8f35642ecfd9")
(package! general.el :pin "9651024e7f40a8ac5c3f31f8675d3ebe2b667344")
(package! ghub :pin "0fd648f0529f34b5da441d54c9dbff7810477d12")
(package! git-modes :pin "f0a0154bf48dd1c0c587596cf4cfd3c90f673a05")
(package! git-timemachine :pin "d8ffd0d7cc4ab3dd7de494c9ea36dfd99e2744fa")
(package! glsl-mode :pin "9b2e5f28e489a1f73c4aed734105618ac0dc0c43")
(package! gntp.el :pin "767571135e2c0985944017dc59b0be79af222ef5")
(package! gnu-elpa-mirror :pin "c90a9c17d4933ce106ee4075b3a00760e1fd2492")
(package! gnuplot :pin "7138b139d2dca9683f1a81325c643b2744aa1ea3")
(package! gnuplot-mode :pin "601f6392986f0cba332c87678d31ae0d0a496ce7")
(package! go-eldoc :pin "cbbd2ea1e94a36004432a9ac61414cb5a95a39bd")
(package! go-gen-test :pin "f84f4177af7fcbe10ce2116d5417ad5f0485034b")
(package! go-mode.el :pin "166dfb1e090233c4609a50c2ec9f57f113c1da72")
(package! gorepl-mode :pin "6a73bf352e8d893f89cad36c958c4db2b5e35e07")
(package! go-template-mode :pin "dcd12037308446179f26f7d2ab2c034a1e995d2e")
(package! goto-chg :pin "278cd3e6d5107693aa2bb33189ca503f22f227d0")
(package! gptel :pin "9c4af204a3091729a1d7978c628fcd87c1a93c65")
(package! graphviz-dot-mode :pin "8ff793b13707cb511875f56e167ff7f980a31136")
(package! grip-mode :pin "5809fb62f6dd7b4bfa7685203aaa1474fca70f4e")
(package! groovy-emacs-modes :pin "7b8520b2e2d3ab1d62b35c426e17ac25ed0120bb")
(package! haml-mode :pin "bf5b6c11b1206759d2b28af48765e04882dd1fc4")
(package! haskell-mode :pin "a34ccdc54be15043ff0d253c3c20087524255491")
(package! hcl-mode :pin "751b79247f326ab52e00032e805775c37ad9f080")
(package! helpful :pin "94c25337b2de2f9da60914a7c0c6cca9584c0231")
(package! highlight-numbers :pin "8b4744c7f46c72b1d3d599d4fb75ef8183dee307")
(package! highlight-quoted :pin "24103478158cd19fbcfb4339a3f1fa1f054f1469")
(package! hl-todo :pin "a627d33214e60fc5a2fe6164411d908e1afdba59")
(package! ht.el :pin "1c49aad1c820c86f7ee35bf9fff8429502f60fef")
(package! hydra :pin "317e1de33086637579a7aeb60f77ed0405bf359b")
(package! ibuffer-projectile :pin "ecbe482804a217b1471593f6c7a8b3d64f3cdc47")
(package! ibuffer-vc :pin "9204001d1c5ca39409485c1574fd315b0e137a92")
(package! iedit :pin "27c61866b1b9b8d77629ac702e5f48e67dfe0d3b")
(package! imenu-list :pin "76f2335ee6f2f066d87fe4e4729219d70c9bc70d")
(package! inf-mongo :pin "2e498d1c88bd1904eeec18ed06b1a0cf8bdc2a92")
(package! info-colors :pin "2e237c301ba62f0e0286a27c1abe48c4c8441143")
(package! inheritenv :pin "2102ed2d105a5c9f366cb6503d04794600985598")
(package! jade-mode :pin "1ad7c51f3c6a6ae64550d9510c5e4e8470014375")
(package! jenkinsfile-mode :pin "568865ee419e0592de0dd0717d6769a66d9df111")
(package! jinja2-mode :pin "03e5430a7efe1d163a16beaf3c82c5fd2c2caee1")
(package! jq-mode :pin "071c1c29bac30351ad338136f2b625e5601365cd")
(package! js2-mode :pin "79bc78d77db0d2e8e43dc0f9e0504ad90bcbc26d")
(package! js2-refactor.el :pin "a0977c4ce1918cc266db9d6cd7a2ab63f3a76b9a")
(package! json-mode :pin "eedb4560034f795a7950fa07016bd4347c368873")
(package! json-snatcher :pin "b28d1c0670636da6db508d03872d96ffddbc10f2")
(package! jupyter :pin "1baabc8f2d0631f8f4308400f9a53f1aadd58d14")
(package! know-your-http-well :pin "184ccc6f7215851bcf5f45c3ce113fec13f41364")
(package! kubedoc.el :pin "26586e519b5aca5d81afaf8f7f066369dacd4764")
(package! kubel :pin "aa6040d2aff9b8b99eb6692a0227357258622ddb")
(package! kubernetes-el :pin "b0fb60564e818c30d6fc8744e229c8ed0707ce7a")
(package! latex-preview-pane :pin "5297668a89996b50b2b62f99cba01cc544dbed2e")
(package! link-hint.el :pin "1f9bb60289d87f31f92b86ed22d1f2c0a7af0222")
(package! log4e :pin "737d275eac28dbdfb0b26d28e99da148bfce9d16")
(package! lsp-docker :pin "175b587e0def23d4560abdb06b12e05ea469aaea")
(package! lsp-haskell :pin "3249cde75fb411f95fe173c222b848182fd0b752")
(package! lsp-mode :pin "4096d00ff72b94548dc80067ce9771c86b26b0eb")
(package! lsp-pyright :pin "4cd2adbb32287278d9d9da59a3212a53ecdf8036")
(package! lsp-treemacs :pin "7be7f30c2ddc6d392a1ff0304d439d0cf14b2771")
(package! lsp-ui :pin "295d8984da06a745b0a36c56e28ce915bc389adb")
(package! lua-mode :pin "ad639c62e38a110d8d822c4f914af3e20b40ccc4")
(package! macrostep :pin "75ecd041219239f0dceab4883594ea2fe366b484")
(package! magit :pin "97a95f70079b6613bf98d2306279d3e03fe51234")
(package! magit-popup :pin "d8585fa39f88956963d877b921322530257ba9f5")
(package! magit-todos :pin "c6f3fd03aa5b750636c2647253f21cc03329566c")
(package! makefile-executor.el :pin "170d14d834a0d163cd618d642d4580ff75b014be")
(package! marginalia :pin "b900ec5457068cd2b15b0e3600437f147c6bf636")
(package! markdown-mode :pin "c765b73b370f0fcaaa3cee28b2be69652e2d2c39")
(package! markdown-toc :pin "3d724e518a897343b5ede0b976d6fb46c46bcc01")
(package! math-symbol-lists :pin "ac3eb053d3b576fcdd192b0ac6ad5090ea3a7079")
(package! melpa :pin "8e3235c3400e4c8493add982bbba6ae27396a99a")
(package! minimap :pin "ed7490652a676c0510ed57d5366c445de20a370b")
(package! mixed-pitch :pin "519e05f74825abf04b7d2e0e38ec040d013a125a")
(package! modern-cpp-font-lock :pin "43c6b68ff58fccdf9deef11674a172e4eaa8455c")
(package! multiple-cursors.el :pin "6956e8e12ee191d7c80d042ae8ff495286fcbe38")
(package! nerd-icons.el :pin "a83d47f6dc4db0ae2f38c0c534de58f02285cea6")
(package! nginx-mode :pin "6e9d96f58eddd69f62f7fd443d9b9753e16e0e96")
(package! nix-emacs :pin "053a2d5110ce05b7f99bcc2ac4804b70cbe87916")
(package! nix-mode :pin "c18a24e9ac569a221e88ba9d74d52c7b02b6eb77")
(package! nix-update-el :pin "aab70a38165575a9cb41726f1cc67df60fbf2832")
(package! noaa :pin "464df26d7fd7b60165a45574d28e458903c59804")
(package! nodejs-repl.el :pin "3b841055cad00f442e4a9159b1056f59411b6646")
(package! nongnu-elpa :pin "c0840d025ba5ad3fc3f2dbd08d3b4ab72cf07574")
(package! nose :pin "f8528297519eba911696c4e68fa88892de9a7b72")
(package! nov.el :pin "58c35e677e11f5c04a702b42ac753c80c8955089")
(package! npm-mode :pin "3ee7c0bad5b7a041d4739ef3aaa06a3dc764e5eb")
(package! ob-async :pin "9aac486073f5c356ada20e716571be33a350a982")
(package! ob-go :pin "2067ed55f4c1d33a43cb3f6948609d240a8915f5")
(package! ob-mongo :pin "371bf19c7c10eab2f86424f8db8ab685997eb5aa")
(package! ob-racket :pin "d8fd51bddb019b0eb68755255f88fc800cfe03cb")
(package! ob-restclient.el :pin "1b021ce1c67c97fa1aa4d2c0816edb7add129e48")
(package! opencl-mode :pin "15091eff92c33ee0d1ece40eb99299ef79fee92d")
(package! orderless :pin "e6784026717a8a6a7dcd0bf31fd3414f148c542e")
(package! org :pin "fe92a3cedba541482d5954eacb2b13e6f57a39c4")
(package! org-cliplink :pin "13e0940b65d22bec34e2de4bc8cba1412a7abfbc")
(package! org-contrib :pin "4ac1a280c740df121bcefb2ec99ddba945e857d3")
(package! org-download :pin "19e166f0a8c539b4144cfbc614309d47a9b2a9b7")
(package! orgit :pin "fc40397f7b36fa513d41f3119b7430cb236de9dd")
(package! orgit-forge :pin "6f424ff3a2df7d9c00c217011949c1367cc15227")
(package! org-journal :pin "2f220a06e3bf6bfa5cda00ebd44817a7b2fd7b76")
(package! org-noter :pin "9ead81d42dd4dd5074782d239b2efddf9b8b7b3d")
(package! org-pdftools :pin "967f48fb5038bba32915ee9da8dc4e8b10ba3376")
(package! org-pomodoro :pin "3f5bcfb80d61556d35fc29e5ddb09750df962cc6")
(package! org-re-reveal :pin "91cdd82c47b86990b5eb41fe34446a042194cc83")
(package! org-roam :pin "74422df546a515bc984c2f3d3a681c09d6f43916")
(package! org-tree-slide :pin "d6529bc2df727d09014e0e56abf4f15a8e8fc20f")
(package! org-yt :pin "40cc1ac76d741055cbefa13860d9f070a7ade001")
(package! overseer.el :pin "02d49f582e80e36b4334c9187801c5ecfb027789")
(package! ox-clip :pin "ff117cf3c619eef12eccc0ccbfa3f11adb73ea68")
(package! ox-ipynb :pin "9f21b60f92ed1b871696b04117a96d513c82e2ee")
(package! ox-pandoc :pin "66c32cca4f6047dd7e0f77f10bd565a2d83d4729")
(package! ox-rst :pin "99fa790da55b57a3f2e9aa187493ba434a64250e")
(package! package-lint :pin "933cb1ef5938c5f99f8d388027bc0e8518fdada9")
(package! page-break-lines :pin "79eca86e0634ac68af862e15c8a236c37f446dcd")
(package! parent-mode :pin "db692cf08deff2f0e973e6e86e26662b44813d1b")
(package! pcre2el :pin "38c6f80c787da547287db96b495e5b695ca0b4b8")
(package! pdf-tools :pin "bc2ba117e8c3196ff9adf0da4fa1e63a8da3d7c8")
(package! persp-mode.el :pin "df95ea710e2a72f7a88293b72137acb0ca024d90")
(package! pfuture :pin "19b53aebbc0f2da31de6326c495038901bffb73c")
(package! pipenv.el :pin "3af159749824c03f59176aff7f66ddd6a5785a10")
(package! pip-requirements.el :pin "216cd1690f80cc965d4ae47b8753fc185f778ff6")
(package! pkg-info :pin "76ba7415480687d05a4353b27fea2ae02b8d9d61")
(package! polymode :pin "ca060e081a1f849a880732670dc15370ac987b89")
(package! popup-el :pin "69efb517f3b8ba8ed82dfb4e39b74b325bc98a59")
(package! posframe :pin "06b939cfb06168782fc378043ff35bd7fec203b8")
(package! powershell.el :pin "f2da15857e430206e215a3c65289b4058ae3c976")
(package! project :pin "e086bdc7c515f8bfc22598d473ba888ba7683f0c")
(package! projectile :pin "e18ad4d6111eb9e975ccce028baf5e4bb786bfcf")
(package! pyimport :pin "c006a5fd0e5c9e297aa2ad71b2f02f463286b5e3")
(package! py-isort.el :pin "e67306f459c47c53a65604e4eea88a3914596560")
(package! pythonic :pin "c18a5bd8cb2ba59014b6b29b5bf1903bd2476a07")
(package! python-info :pin "306f15441b54b25757cdfd3b327b84024ea21ed7")
(package! pyvenv :pin "31ea715f2164dd611e7fc77b26390ef3ca93509b")
(package! queue :pin "130c2d656cd5d7376552272fab9e50a7c37d0c4a")
(package! quickrun :pin "7a89313c07a21eae9cd69a1a98e2a134d559e04f")
(package! racket-mode :pin "947d9806ee27ef241643f978c7901fd1f9e10c98")
(package! rainbow-delimiters :pin "a32b39bdfe6c61c322c37226d66e1b6d4f107ed0")
(package! rainbow-mode :pin "8e96388fb4d616a9dde23e712bad0d9cd048fbf0")
(package! realgud :pin "aff03aeef1e40d2abb244240bab9787f4b3e6035")
(package! realgud-trepan-ni :pin "0ec088ea343835e24ae73da09bea96bfb02a3130")
(package! restart-emacs :pin "1607da2bc657fe05ae01f7fdf26f716eafead02c")
(package! restclient.el :pin "0ba72816f92f3d5906cdf76f418fd0a3ee72809b")
(package! reveal.js :pin "7de6ccb65b98f657f757cb5610613ad9d4f3da2b")
(package! rfc-mode :pin "c938c8134e7434b623ebfd92ad22586205cb1c92")
(package! rjsx-mode :pin "b697fe4d92cc84fa99a7bcb476f815935ea0d919")
(package! rustic :pin "39423d1cf4fa054c36bf9577356451f4c06ee148")
(package! rust-mode :pin "e443ccf2884028d3b6cc550ff20e7c92dadccb68")
(package! sass-mode :pin "247a0d4b509f10b28e4687cd8763492bca03599b")
(package! saveplace-pdf-view :pin "54ed966b842501c3c092dbf57b372e37b033c578")
(package! sed-mode :pin "7ff7fc02364d15259d76383feb67661a29599a4f")
(package! s.el :pin "dda84d38fffdaf0c9b12837b504b402af910d01d")
(package! sharper :pin "496e90e337cb09329d85a6d171c0953a85e918fe")
(package! shrink-path.el :pin "c14882c8599aec79a6e8ef2d06454254bb3e1e41")
(package! shut-up :pin "ff6f06f3b080ee833a25a22da8cb5b96e911dc77")
(package! skewer-mode :pin "e5bed351939c92a1f788f78398583c2f83f1bb3c")
(package! sln-mode :pin "0f91d1b957c7d2a7bab9278ec57b54d57f1dbd9c")
(package! smartparens :pin "7afd647395018a26633673ed92ce7a9cb3ccb8f2")
(package! snippets :pin "fe4003014ae00b866f117cb193f711fd9d72fd11")
(package! spark :pin "0e58e5122cbb46fb6d850e3b72487431a3696861")
(package! sphinx-mode :pin "77ca51adf9ee877f3a8f43e744f59e650772f121")
(package! spinner :pin "634529bb3173e09b37499f636de70abf29d9fa8a")
(package! straight.el :pin "56a8b6c8a46fb78655d512402ad7840d85167225")
(package! synosaurus :pin "14d34fc92a77c3a916b4d58400424c44ae99cd81")
(package! systemd-mode :pin "8742607120fbc440821acbc351fda1e8e68a8806")
(package! tablist :pin "5f7b71a92bfb25418d7da86ad9c45f14b149496f")
(package! terraform-mode :pin "39d2fd5bfc86c6bf1c7bc38e6f0016d714f2d79d")
(package! themes :pin "b5ff201f4bea4286e9ed015a2043cf2394182232")
(package! tide :pin "29475d9eee26f4101322209e9b6b199df5386094")
(package! toc-org :pin "bf2e4b358efbd860ecafe6e74776de0885d9d100")
(package! transient :pin "c2bdf7e12c530eb85476d3aef317eb2941ab9440")
(package! treemacs :pin "2c576bebccd56ec8e65f4ec5ed5de864d9684fbf")
(package! treepy.el :pin "298c49b48f36b230224421ff2f168734f74fce15")
(package! tree-sitter-indent.el :pin "4ef246db3e4ff99f672fe5e4b416c890f885c09e")
(package! tree-sitter-langs :pin "944a734b7c3a5922a7e9a2009a9165e2dc195b18")
(package! ts-fold :pin "9d9e0c5cf7b5397e06571bb6bf497598dc8796a8")
(package! typescript.el :pin "4fcb4594819caf472ae42ea068a1c7795cf07f46")
(package! undo-tree :pin "16f4121032d09ef44b3d7d02c4d02c3c2f18041f")
(package! use-package :pin "77945e002f11440eae72d8730d3de218163d551e")
(package! uuidgen-el :pin "7b728c1d92e196c3acf87a004949335cfc18eab3")
(package! vertico :pin "926234ab3fbe2b89e8c7ddfccecff518d73ac6ba")
(package! vimish-fold :pin "a6501cbfe3db791f9ca17fd986c7202a87f3adb8")
(package! visual-fill-column :pin "695a59789209c42fa08a5bce92963ee32f4455be")
(package! vline :pin "f5d7b5743dceca75b81c8c95287cd5b0341debf9")
(package! web-completion-data :pin "c272c94e8a71b779c29653a532f619acad433a4f")
(package! web-mode :pin "df97ab62c94826a84adbde060a4111ca91deda8e")
(package! with-editor :pin "bbc60f68ac190f02da8a100b6fb67cf1c27c53ab")
(package! wordnut :pin "feac531404041855312c1a046bde7ea18c674915")
(package! writegood-mode :pin "ed42d918d98826ad88928b7af9f2597502afc6b0")
(package! writeroom-mode :pin "1fd52848eb58301c864712fd26c4ec37a938cc19")
(package! ws-butler :pin "572a10c11b6cb88293de48acbb59a059d36f9ba5")
(package! x509-mode :pin "3830cbfdadab4cd68e6f0b6a3a7a4931be8328ea")
(package! xref :pin "a82f459b37b31546bf274388baf8aca79e9c30d9")
(package! xref-js2 :pin "fd6b723e7f1f9793d189a815e1904364dc026b03")
(package! xterm-color :pin "2ad407c651e90fff2ea85d17bf074cee2c022912")
(package! yaml.el :pin "a19fbf948a945571300e5a20ff1dbfa6ecfa0d16")
(package! yaml-mode :pin "3fcb36d6039bef57e2a0f6e24c51f623c0bf5fb7")
(package! yasnippet :pin "5cbdbf0d2015540c59ed8ee0fcf4788effdf75b6")
