;; GNU Emacs     v28.2            nil
;; Doom core     v3.0.0-pre       HEAD -> master e96624926 2023-01-01 21:55:13 -0500
;; Doom modules  v22.10.0-pre     HEAD -> master e96624926 2023-01-01 21:55:13 -0500
(package! ace-window :pin "0577c426a9833ab107bab46c60d1885c611b2fb9")
(package! adaptive-wrap :pin "0d5b4a07de76d87dd64333a566a8a0a845f2b9f0")
(package! adoc-mode :pin "176db8ce532778ccf1846fff31e63dc2e413ae9b")
(package! a.el :pin "93e5ed8c495794d1ba3c04b43041b95ce01079b1")
(package! alert :pin "c762380ff71c429faf47552a83605b2578656380")
(package! all-the-icons-completion :pin "4da28584a1b36b222e0e78d46fd8d46bbd9116c7")
(package! all-the-icons-dired :pin "5e9b097f9950cc9f86de922b07903a4e5fefc733")
(package! all-the-icons.el :pin "4a4d6269b8b85b0b15954f063e6ce378630d80c0")
(package! anaconda-mode :pin "ca8edbaa7662d97e4a4416ec9a8d743863303911")
(package! anaphora :pin "3b2da3f759b244975852e79721c4a2dbad3905cf")
(package! annalist.el :pin "134fa3f0fb91a636a1c005c483516d4b64905a6d")
(package! ansible-doc :pin "86083a7bb2ed0468ca64e52076b06441a2f8e9e0")
(package! anzu :pin "5abb37455ea44fa401d5f4c1bdc58adb2448db67")
(package! auctex :pin "830e40a0639aedc6c362a3a01e160aaa8246bb99")
(package! auto-minor-mode :pin "17cfa1b54800fdef2975c0c0531dad34846a5065")
(package! auto-yasnippet :pin "db9e0dd4335b2202cd5dac95bbbc87a1032d9bbe")
(package! avy :pin "ba5f035be33693d1a136a5cbeedb24327f551a92")
(package! better-jumper :pin "47622213783ece37d5337dc28d33b530540fc319")
(package! browse-at-remote :pin "cef26f2c063f2473af42d0e126c8613fe2f709e4")
(package! bui.el :pin "f3a137628e112a91910fd33c0cff0948fa58d470")
(package! centered-window-mode :pin "80965f6c6afe8d918481433984b493de72af5399")
(package! cfrs :pin "f3a21f237b2a54e6b9f8a420a9da42b4f0a63121")
(package! circe :pin "41cdc116b09818d33f5cb0fc1d72c025c23aa2f1")
(package! circe-notifications :pin "291149ac12877bbd062da993479d3533a26862b0")
(package! closql :pin "f27be13a834e03db76bceb3b5b50a243cc50d639")
(package! cmake-mode :pin "d5d77de8c4c69e348b182eeb30222b2f1ba8db7b")
(package! code-review :pin "95b36ec8e7935f96b2f3c6c9086d49cf4a72cbff")
(package! col-highlight :pin "ab60456a4b96cde2710761ff342db3716dc50776")
(package! company-anaconda :pin "da1566db41a68809ef7f91ebf2de28118067c89b")
(package! company-ansible :pin "79dd421b161efa49fbdffad57fa40edb41f484a3")
(package! company-auctex :pin "9400a2ec7459dde8cbf1a5d50dfee4e300ed7e18")
(package! company-box :pin "766546b2668b5ef4eb4abbde632c9acd370c7788")
(package! company-glsl :pin "404cd0694ab34971f9c01eb22126cd2e7d3f9dc4")
(package! company-go :pin "31948b463f2fc18f8801e5a8fe511fef300eb3dd")
(package! company-lua :pin "29f6819de4d691e5fd0b62893a9f4fbc1c6fcb52")
(package! company-math :pin "45778f5731c97a21a83e3b965cbde42018709afd")
(package! company-mode :pin "2ca3e29abf87392714bc2b26e50e1c0f4b9f4e2c")
(package! company-nginx :pin "8a9f1a5653fe2d9a5042bfb9377d54f37fcc64c8")
(package! company-reftex :pin "42eb98c6504e65989635d95ab81b65b9d5798e76")
(package! company-restclient :pin "e5a3ec54edb44776738c13e13e34c85b3085277b")
(package! company-shell :pin "a77f4de75912aa87314cde92c603b831d5050246")
(package! company-web :pin "863fb84b81ed283474e50330cd8d27b1ca0d74f1")
(package! compat :pin "7ca7d300d1d256f674f83932d2918d8e70cd28f6")
(package! consult :pin "16b2dc5e34c8a500adbee394b42c0e0d7fd24ad8")
(package! consult-dir :pin "ed8f0874d26f10f5c5b181ab9f2cf4107df8a0eb")
(package! consult-flycheck :pin "7a10be316d728d3384fa25574a30857c53fb3655")
(package! consult-lsp :pin "58b541476203fa68e9e7682531f2a10e11780857")
(package! csharp-mode :pin "856ecbc0a78ae3bdc2db2ae4d16be43e2d9d9c5e")
(package! csproj-mode :pin "a7f0f4610c976a28c41b9b8299892f88b5d0336c")
(package! csv-mode :pin "43f6106f0d4e21a18b5b7d7708d641d50fbdfa0b")
(package! cuda-mode :pin "7f593518fd135fc6af994024bcb47986dfa502d2")
(package! dap-mode :pin "2879578abf72bf734675ce70e8dc977e1f43eca5")
(package! dash-docs :pin "29848b6b347ac520f7646c200ed2ec36cea3feda")
(package! dash.el :pin "3df46d7d9fe74f52a661565888e4d31fd760f0df")
(package! define-word :pin "31a8c67405afa99d0e25e7c86a4ee7ef84a808fe")
(package! demangle-mode :pin "04f545adab066708d6151f13da65aaf519f8ac4e")
(package! diff-hl :pin "dabb7be6283488abd8d232ea8ce590d502713ed8")
(package! diredfl :pin "f9140b2c42151dca669003d685c9f079b2e3dc37")
(package! dired-git-info :pin "9461476a28a5fec0784260f6e318237c662c3430")
(package! dired-rsync :pin "7940d9154d0a908693999b0e1ea351a6d365c93d")
(package! disaster :pin "10a785facc60d89d78e0d5177985ab1af1741bb4")
(package! docker.el :pin "44f0bbec9b3deb027d17f4c10d8ec4106ed89dfb")
(package! dockerfile-mode :pin "b63a3d12b7dea0cb9efc7f78d7ad5672ceab2a3f")
(package! docker-tramp.el :pin "930d7b46c180d8a13240a028c1b40af84f2a3219")
(package! doom-modeline :pin "b66d5e5006df4cedb1119da3d83fd6c08965b830")
(package! drag-stuff.el :pin "6d06d846cd37c052d79acd0f372c13006aa7e7c8")
(package! dtrt-indent :pin "d4fd1b4977eb0d534844fddf01c3c51c70c57205")
(package! dumb-jump :pin "1dd583011f4025b1b8c75fd785691851b6c5dfa3")
(package! ebnf-mode :pin "89df6ca4215b3a325dc94a8f246f403cacc99745")
(package! edit-indirect :pin "f80f63822ffae78de38dbe72cacaeb1aaa96c732")
(package! editorconfig-emacs :pin "1f6f16c24fd0030322d59c2853067a6dccc9e736")
(package! ef-themes :pin "c7fbaf7116064afa96944cac6108ca056001ef23")
(package! eldoc :pin "5b9fd6faa9a65409064207c29954edd8ad45dcda")
(package! elfeed :pin "162d7d545ed41c27967d108c04aa31f5a61c8e16")
(package! el-get :pin "46be7740d887c3354da74e32ebeb970684891016")
(package! elisp-def :pin "dfca043ec0cbead67bd9c526cb009daf771d0fa2")
(package! elisp-demos :pin "01c301b516e9949d0239d20f6834afbc9acf0abb")
(package! elisp-refs :pin "af73739084637c8ebadad337a8fe58ff4f1d2ec1")
(package! elisp-tree-sitter :pin "c3fe96a103a766256ba62120eb638eef8e9a9802")
(package! emacs-aio :pin "da93523e235529fa97d6f251319d9e1d6fc24a41")
(package! emacs-ansible :pin "d89ac0ee57742cca0f0e0a3453d9dcc521575690")
(package! emacs-async :pin "71cc50f27ffc598a89aeaa593488d87818647d02")
(package! emacs-bash-completion :pin "c5eaeed156ab906190c662d491269230967104b1")
(package! emacs-bitwarden :pin "f7ff63928fe16c8854b520ef1afbc54dcee94aee")
(package! emacs-buttercup :pin "ceedad5efa797e860dbb356bc2c3028a4e0321ec")
(package! emacs-ccls :pin "675a5704c14a27931e835a431beea3631d92e8e6")
(package! emacs-company-dict :pin "cd7b8394f6014c57897f65d335d6b2bd65dab1f4")
(package! emacs-company-terraform :pin "8d5a16d1bbeeb18ca49a8fd57b5d8cd30c8b8dc7")
(package! emacs-deferred :pin "2239671d94b38d92e9b28d4e12fd79814cfb9c16")
(package! emacs-emojify :pin "1b726412f19896abf5e4857d4c32220e33400b55")
(package! emacs-everywhere :pin "0d0d1854299aa50edb3fd57317949c00f3fcbb03")
(package! emacs-fish :pin "a7c953b1491ac3a3e00a7b560f2c9f46b3cb5c04")
(package! emacs-fish-completion :pin "10384881817b5ae38cf6197a077a663420090d2c")
(package! emacs-go-tag :pin "59b243f2fa079d9de9d56f6e2d94397e9560310a")
(package! emacs-hcl-mode :pin "e4d9eef631e8a386341ae8f94f7c2579586e65b5")
(package! emacs-hide-mode-line :pin "bc5d293576c5e08c29e694078b96a5ed85631942")
(package! emacs-htmlize :pin "dd27bc3f26efd728f2b1f01f9e4ac4f61f2ffbf9")
(package! emacs-ipython-notebook :pin "7b9b14435c1dee85dd1eb5faf5d58edfa5ca5cbb")
(package! emacs-k8s-mode :pin "083bcffbfeeaf5e79015a012b4dbf2f283a493ab")
(package! emacs-kv :pin "721148475bce38a70e0b678ba8aa923652e8900e")
(package! Emacs-langtool :pin "8276eccc5587bc12fd205ee58a7a982f0a136e41")
(package! emacs-libvterm :pin "a940dd2ee8a82684860e320c0f6d5e15d31d916f")
(package! emacs-load-env-vars :pin "3808520efaf9492033f6e11a9bffd68eabf02a0f")
(package! emacs-load-relative :pin "b7987c265a64435299d6b02f960ed2c894c4a145")
(package! emacs-loc-changes :pin "622371e432f50626aaac82f8ee2841f71685b0fb")
(package! emacsmirror-mirror :pin "e9774fefacef7dc6fc1113b18a5d4f05bb061248")
(package! emacs-powerthesaurus :pin "88bc5229cba1604c8f74db0a1456d99259d538cc")
(package! emacs-pug-mode :pin "73f8c2f95eba695f701df20c8436f49abadebdc1")
(package! emacs-python-pytest :pin "33c921adaa6c9c8f7cceba2342114c6b406e0d7c")
(package! emacsql :pin "f0249f655fd1a2c066c5a1b3daa93c80c5ed9865")
(package! emacs-request :pin "38ed1d2e64138eb16a9d8ed2987cff2e01b4a93b")
(package! emacs-slim :pin "3636d18ab1c8b316eea71c4732eb44743e2ded87")
(package! emacs-solaire-mode :pin "8af65fbdc50b25ed3214da949b8a484527c7cc14")
(package! emacs-spell-fu :pin "8185467b24f05bceb428a0e9909651ec083cc54e")
(package! emacs-test-simple :pin "ce6de04636e8d19ec84a475c03c0142b20a63de0")
(package! emacs-vdiff :pin "d5df45f84395f507aba555a54407b60e284b23cd")
(package! emacs-vdiff-magit :pin "413f32c9f7e66f8379c23b5ab6341695dbcc2f20")
(package! emacs-w3m :pin "e556f82247918bdc33acf01b29917314b8b9e22b")
(package! emacs-web-server :pin "22ce66ea43e0eadb9ec1d691a35d9695fc29cee6")
(package! emacs-websocket :pin "2c923eba75f77af5a20154776053beaf4b8ad56c")
(package! Emacs-wgrep :pin "f9687c28bbc2e84f87a479b6ce04407bb97cfb23")
(package! emacs-which-key :pin "8093644032854b1cdf3245ce4e3c7b6673f741bf")
(package! emacs-zmq :pin "92236b2cbd57741f840dc9f0582461cb8d82f78c")
(package! embark :pin "629cce948c562361ddd6136d7cc49c5c981bb610")
(package! embrace.el :pin "dd5da196e5bcc5e6d87e1937eca0c21da4334ef2")
(package! emmet-mode :pin "6b2e554f7fd27f732810f4b14ea01e3c54b7b3da")
(package! envrc :pin "7f36664fc6d97a7ca77c6c3e0c6577b72fa0b70d")
(package! epl :pin "78ab7a85c08222cd15582a298a364774e3282ce6")
(package! eros :pin "dd8910279226259e100dab798b073a52f9b4233a")
(package! eshell-did-you-mean :pin "80cd8c4b186a2fb29621cf634bcf2bcd914f1e3d")
(package! eshell-syntax-highlighting :pin "8e3a685fc6d97af79e1046e5b24385786d8e92f6")
(package! eshell-up :pin "ff84e6069b98f2ed00857a0f78bff19d96e4955c")
(package! eshell-z :pin "337cb241e17bd472bd3677ff166a0800f684213c")
(package! esh-help :pin "417673ed18a983930a66a6692dbfb288a995cb80")
(package! es-mode :pin "e82465fd785688bb58918ea62ca4de06a2a23a1e")
(package! esxml :pin "7ac1fec0e45f12836b301fd9b8e7297434db2f70")
(package! evil :pin "26ec0cda1bcb899ae37086a1268a055484171519")
(package! evil-anzu :pin "d1e98ee6976437164627542909a25c6946497899")
(package! evil-args :pin "2671071a4a57eaee7cc8c27b9e4b6fc60fd2ccd3")
(package! evil-collection :pin "665d5c99e216c7b18856f7ceda7c91ea5669f904")
(package! evil-easymotion :pin "f96c2ed38ddc07908db7c3c11bcd6285a3e8c2e9")
(package! evil-embrace.el :pin "7b5a539cfe7db238d860122c793a0cb2d329cc6e")
(package! evil-escape :pin "819f1ee1cf3f69a1ae920e6004f2c0baeebbe077")
(package! evil-exchange :pin "5f0a2d41434c17c6fb02e4f744043775de1c63a2")
(package! evil-goggles :pin "8f20a16e74016f37ad76dc4f2230d9b00c6df3c2")
(package! evil-indent-plus :pin "b4dacbfdb57f474f798bfbf5026d434d549eb65c")
(package! evil-lion :pin "a55eb647422342f6b1cf867f797b060b3645d9d8")
(package! evil-markdown :pin "8e6cc68af83914b2fa9fd3a3b8472573dbcef477")
(package! evil-mc :pin "63fd2fe0c213a4cc31c464d246f92931c4cb720f")
(package! evil-multiedit :pin "23b53bc8743fb82a8854ba907b1d277374c93a79")
(package! evil-nerd-commenter :pin "b1a92221c9735c2681806a3d5a86c7258e73089f")
(package! evil-numbers :pin "7bd9bb0bce2ed61fa256952fbf37fc5259928925")
(package! evil-org-mode :pin "a9706da260c45b98601bcd72b1d2c0a24a017700")
(package! evil-quick-diff :pin "69c883720b30a892c63bc89f49d4f0e8b8028908")
(package! evil-snipe :pin "c07788c35cf8cd8e652a494322fdc0643e30a89f")
(package! evil-surround :pin "c9e1449bf3f740b5e9b99e7820df4eca7fc7cf02")
(package! evil-tex :pin "0fa85c3fc88d96621002b5a1b79efcc06776642f")
(package! evil-textobj-anyblock :pin "29280cd71a05429364cdceef2ff595ae8afade4d")
(package! evil-textobj-tree-sitter :pin "9dce8dab68c954ae32095328cf898eb856fc341a")
(package! evil-traces :pin "290b5323542c46af364ec485c8ec9000040acf90")
(package! evil-vimish-fold :pin "b6e0e6b91b8cd047e80debef1a536d9d49eef31a")
(package! evil-visualstar :pin "06c053d8f7381f91c53311b1234872ca96ced752")
(package! exato :pin "aee7af7b7a0e7551478f453d1de7d5b9cb2e06c4")
(package! expand-region.el :pin "b70feaa644310dc2d599dc277cd20a1f2b6446ac")
(package! explain-pause-mode :pin "2356c8c3639cbeeb9751744dbe737267849b4b51")
(package! fd-dired :pin "458464771bb220b6eb87ccfd4c985c436e57dc7e")
(package! f.el :pin "af7d37c619010b576fd22b50c62c71ff33093f3c")
(package! flycheck :pin "784f184cdd9f9cb4e3dbb997c09d93e954142842")
(package! flycheck-cask :pin "4b2ede6362ded4a45678dfbef1876faa42edbd58")
(package! flycheck-golangci-lint :pin "8e446c68311048f0b87febf8ef0379e29d358851")
(package! flycheck-package :pin "615c1ed8c6fb7c73abec6aaa73d3fef498d231bc")
(package! flycheck-popup-tip :pin "ef86aad907f27ca076859d8d9416f4f7727619c6")
(package! flycheck-posframe :pin "8f60c9bf124ab9597d681504a73fdf116a0bde12")
(package! font-lock-ext :pin "b6c82e8ac7996d96494a54454015a98ceb883feb")
(package! forge :pin "ce212f8f95838889c51d0327eb8c3979bec6665c")
(package! frame-local :pin "7ee1106c3bcd4022f48421f8cb1ef4f995da816e")
(package! fringe-helper.el :pin "ef4a9c023bae18ec1ddd7265f1f2d6d2e775efdd")
(package! gcmh :pin "0089f9c3a6d4e9a310d0791cf6fa8f35642ecfd9")
(package! general.el :pin "9651024e7f40a8ac5c3f31f8675d3ebe2b667344")
(package! ghub :pin "47b7dc9bb299d50647cd24efebaf41dbc07d9e90")
(package! git-modes :pin "eca3bb42ea8abed9ef8549b2ac91bbea445c5bb5")
(package! git-timemachine :pin "ca09684e94767cc0b2339b77b778b4de4f9d104f")
(package! glsl-mode :pin "9b2e5f28e489a1f73c4aed734105618ac0dc0c43")
(package! gntp.el :pin "767571135e2c0985944017dc59b0be79af222ef5")
(package! gnu-elpa-mirror :pin "c89a389cecd15a4fafc83648ac8d655957788900")
(package! gnuplot :pin "7138b139d2dca9683f1a81325c643b2744aa1ea3")
(package! gnuplot-mode :pin "601f6392986f0cba332c87678d31ae0d0a496ce7")
(package! go-eldoc :pin "cbbd2ea1e94a36004432a9ac61414cb5a95a39bd")
(package! go-gen-test :pin "35df36dcd555233ee1a618c0f6a58ce6db4154d9")
(package! go-mode.el :pin "3273fcece5d9ab7edd4f15b2d6bce61f4e5a0666")
(package! gorepl-mode :pin "6a73bf352e8d893f89cad36c958c4db2b5e35e07")
(package! go-template-mode :pin "dcd12037308446179f26f7d2ab2c034a1e995d2e")
(package! goto-chg :pin "278cd3e6d5107693aa2bb33189ca503f22f227d0")
(package! gptel :pin "37c381c2e582462fad6f90f75bb7fd2313c65d39")
(package! graphviz-dot-mode :pin "aeba19a30e33446464e9d8d7557c1b235f77fe87")
(package! grip-mode :pin "6d6ddbe0af39c82a633add8499488ad8dc9e1daa")
(package! groovy-emacs-modes :pin "c612ac1e9f742856914ad6e8eb9e9dc169f489ab")
(package! haml-mode :pin "bf5b6c11b1206759d2b28af48765e04882dd1fc4")
(package! haskell-mode :pin "90503413f4cdb0ed26871e39c4e6e2552b57f7db")
(package! helpful :pin "6633d82c6e3c921c486ec284cb6542f33278b605")
(package! highlight-numbers :pin "8b4744c7f46c72b1d3d599d4fb75ef8183dee307")
(package! highlight-quoted :pin "24103478158cd19fbcfb4339a3f1fa1f054f1469")
(package! hl-todo :pin "e52285965b5ee89c18080661d4f80270143ae8dc")
(package! ht.el :pin "3c1677f1bf2ded2ab07edffb7d17def5d2b5b6f6")
(package! hydra :pin "9e9e00cb240ea1903ffd36a54956b3902c379d29")
(package! ibuffer-projectile :pin "ecbe482804a217b1471593f6c7a8b3d64f3cdc47")
(package! ibuffer-vc :pin "5fa6aea09bc67f71ea743302d609f459967b1e81")
(package! iedit :pin "27c61866b1b9b8d77629ac702e5f48e67dfe0d3b")
(package! imenu-list :pin "76f2335ee6f2f066d87fe4e4729219d70c9bc70d")
(package! inf-mongo :pin "2e498d1c88bd1904eeec18ed06b1a0cf8bdc2a92")
(package! info-colors :pin "2e237c301ba62f0e0286a27c1abe48c4c8441143")
(package! inheritenv :pin "2102ed2d105a5c9f366cb6503d04794600985598")
(package! jade-mode :pin "1ad7c51f3c6a6ae64550d9510c5e4e8470014375")
(package! jenkinsfile-mode :pin "1d90c1ff8edc7ea88844af92a206e7c5f083b568")
(package! jinja2-mode :pin "03e5430a7efe1d163a16beaf3c82c5fd2c2caee1")
(package! jq-mode :pin "071c1c29bac30351ad338136f2b625e5601365cd")
(package! js2-mode :pin "a297ec2c2d9aa50ddc6c06959bb5a054e17b692a")
(package! js2-refactor.el :pin "a0977c4ce1918cc266db9d6cd7a2ab63f3a76b9a")
(package! json-mode :pin "eedb4560034f795a7950fa07016bd4347c368873")
(package! json-snatcher :pin "b28d1c0670636da6db508d03872d96ffddbc10f2")
(package! jupyter :pin "455166712e606c9c6a8de763ea0a77548cadcef2")
(package! know-your-http-well :pin "3cc5ab6d2764ab7aacb1b6e026abaccbeb6c37f2")
(package! kubedoc.el :pin "f8503f121e38f0ff9343544a5c912e50b25efd4c")
(package! kubel :pin "aa6040d2aff9b8b99eb6692a0227357258622ddb")
(package! kubernetes-el :pin "b0fb60564e818c30d6fc8744e229c8ed0707ce7a")
(package! latex-preview-pane :pin "5297668a89996b50b2b62f99cba01cc544dbed2e")
(package! link-hint.el :pin "676dac6621e321b33a8d396fa27dd0ea619d21e3")
(package! log4e :pin "737d275eac28dbdfb0b26d28e99da148bfce9d16")
(package! lsp-docker :pin "81ddb3fc68e1930352b6ca006d0ea609760be7d1")
(package! lsp-haskell :pin "485c1148ce4d27030bb95b21c7289809294e7d31")
(package! lsp-mode :pin "e6293251a65554fa23f87d0e883d121b4f0aed4e")
(package! lsp-pyright :pin "2fa2c897659909ba9804baba72a108578d007677")
(package! lsp-treemacs :pin "a48763ba5d1c024426e237ce65926db849d3ae6f")
(package! lsp-ui :pin "3cd7cc61273341023b863dcf45906ac9142fd1aa")
(package! lua-mode :pin "5a9bee8d5fc978dc64fcb677167417010321ba65")
(package! macrostep :pin "424e3734a1ee526a1bd7b5c3cd1d3ef19d184267")
(package! magit :pin "0ef98ef51811807952a4c3c677cbf3dfb269de2e")
(package! magit-popup :pin "d8585fa39f88956963d877b921322530257ba9f5")
(package! magit-todos :pin "c5030cc27c7c1a48db52b0134bf2648a59a43176")
(package! makefile-executor.el :pin "d0a34c355fb80a8616ae7ed5eebbda8507aa14ac")
(package! marginalia :pin "c1365bf0c7b5d32e7531fa8f1a9a3b64a155cec0")
(package! markdown-mode :pin "1f709778ac7990f4a07fdf11fe37bc6541810b29")
(package! markdown-toc :pin "3d724e518a897343b5ede0b976d6fb46c46bcc01")
(package! markup-faces :pin "98a807ed82473eb41c6a201ed7ef816d6bcd67b0")
(package! math-symbol-lists :pin "ac3eb053d3b576fcdd192b0ac6ad5090ea3a7079")
(package! melpa :pin "ac55c8d38830bc4d4ec63c0f3f731fedbb41098a")
(package! minimap :pin "ed7490652a676c0510ed57d5366c445de20a370b")
(package! mixed-pitch :pin "519e05f74825abf04b7d2e0e38ec040d013a125a")
(package! modern-cpp-font-lock :pin "43c6b68ff58fccdf9deef11674a172e4eaa8455c")
(package! multiple-cursors.el :pin "16223efc2d6dece2d43bbccc189d7a4bab6de571")
(package! nginx-mode :pin "6e9d96f58eddd69f62f7fd443d9b9753e16e0e96")
(package! nix-emacs :pin "053a2d5110ce05b7f99bcc2ac4804b70cbe87916")
(package! nix-mode :pin "20ee8d88900b169831d6b0783bd82d2625e940c7")
(package! nix-update-el :pin "fc6c39c2da3fcfa62f4796816c084a6389c8b6e7")
(package! noaa :pin "c691e770da0f1ed5b83c656087dfbc2ff231bef7")
(package! nodejs-repl.el :pin "3b841055cad00f442e4a9159b1056f59411b6646")
(package! nongnu-elpa :pin "4456edc151f4147d763d0067a8da5922e6f60d25")
(package! nose :pin "f8528297519eba911696c4e68fa88892de9a7b72")
(package! nov.el :pin "cb5f45cbcfbcf263cdeb2d263eb15edefc8b07cb")
(package! npm-mode :pin "3ee7c0bad5b7a041d4739ef3aaa06a3dc764e5eb")
(package! ob-async :pin "9aac486073f5c356ada20e716571be33a350a982")
(package! ob-go :pin "2067ed55f4c1d33a43cb3f6948609d240a8915f5")
(package! ob-mongo :pin "371bf19c7c10eab2f86424f8db8ab685997eb5aa")
(package! ob-racket :pin "d8fd51bddb019b0eb68755255f88fc800cfe03cb")
(package! ob-restclient.el :pin "1b021ce1c67c97fa1aa4d2c0816edb7add129e48")
(package! opencl-mode :pin "15091eff92c33ee0d1ece40eb99299ef79fee92d")
(package! orderless :pin "847694e78c12d903d5e3f6cb365a5d3b984db537")
(package! org :pin "630f86dfc42472aafd9a4f305e1965cbe92b2891")
(package! org-cliplink :pin "13e0940b65d22bec34e2de4bc8cba1412a7abfbc")
(package! org-contrib :pin "aa104c0bbc3113f6d3d167b20bd8d6bf6a285f0f")
(package! org-download :pin "19e166f0a8c539b4144cfbc614309d47a9b2a9b7")
(package! orgit :pin "5036c3db5897ce93cd895aa213072661a497a4e6")
(package! orgit-forge :pin "3a54569dd02909119e15550552ce6acf7ec2dacd")
(package! org-journal :pin "1ea9e3b672ed384922ede6af96598446f3691873")
(package! org-noter :pin "9ead81d42dd4dd5074782d239b2efddf9b8b7b3d")
(package! org-pdftools :pin "967f48fb5038bba32915ee9da8dc4e8b10ba3376")
(package! org-pomodoro :pin "3f5bcfb80d61556d35fc29e5ddb09750df962cc6")
(package! org-re-reveal :pin "941aa4b94f4eb13cea23013126e84f335059dead")
(package! org-roam :pin "d95d25615e69e7cc847641800c1886366336c97e")
(package! org-tree-slide :pin "d6529bc2df727d09014e0e56abf4f15a8e8fc20f")
(package! org-yt :pin "40cc1ac76d741055cbefa13860d9f070a7ade001")
(package! overseer.el :pin "02d49f582e80e36b4334c9187801c5ecfb027789")
(package! ox-clip :pin "ff117cf3c619eef12eccc0ccbfa3f11adb73ea68")
(package! ox-ipynb :pin "0b09d4f020c50cc05a82c3abc38fb553fc9d1537")
(package! ox-pandoc :pin "f8eac5e5692fc44a4724ada43191e7c28a1ccf30")
(package! ox-rst :pin "99fa790da55b57a3f2e9aa187493ba434a64250e")
(package! package-lint :pin "cc71fa62db9a7328ca055430c6f89b4f9a646c7b")
(package! page-break-lines :pin "79eca86e0634ac68af862e15c8a236c37f446dcd")
(package! parent-mode :pin "db692cf08deff2f0e973e6e86e26662b44813d1b")
(package! pcre2el :pin "0b5b2a2c173aab3fd14aac6cf5e90ad3bf58fa7d")
(package! pdf-tools :pin "bb0b71f5bafd81d0b5647c4ec48fafa0bb6f6c21")
(package! persp-mode.el :pin "7a594a3d8f1c4ba9234dcd831a589e87f3f4ae86")
(package! pfuture :pin "19b53aebbc0f2da31de6326c495038901bffb73c")
(package! pipenv.el :pin "3af159749824c03f59176aff7f66ddd6a5785a10")
(package! pip-requirements.el :pin "216cd1690f80cc965d4ae47b8753fc185f778ff6")
(package! pkg-info :pin "76ba7415480687d05a4353b27fea2ae02b8d9d61")
(package! polymode :pin "15b6c1e94a450a65a0e32096855c31f4390a3963")
(package! popup-el :pin "71cede0588c10526f88dd0375bce776ec2eed05e")
(package! posframe :pin "3084cb6eb366d26b0f5a4aa9baffb297178be3b8")
(package! powershell.el :pin "ce1f0ae0b2e41cd0934a9dfbf2ff016b1d14e9c0")
(package! project :pin "2e8da1b811d5213bd143d9d036bf7ea14741a1ae")
(package! projectile :pin "20aa2adccc1ecb19f54f2fbc428b4904071fcab8")
(package! pyimport :pin "c006a5fd0e5c9e297aa2ad71b2f02f463286b5e3")
(package! py-isort.el :pin "e67306f459c47c53a65604e4eea88a3914596560")
(package! pythonic :pin "c18a5bd8cb2ba59014b6b29b5bf1903bd2476a07")
(package! python-info :pin "306f15441b54b25757cdfd3b327b84024ea21ed7")
(package! pyvenv :pin "31ea715f2164dd611e7fc77b26390ef3ca93509b")
(package! quickrun :pin "314beae43cac2e4943e9ed4850e8e147bc3d2fac")
(package! racket-mode :pin "af9b760e7baca91e26723df6a31400cbfe6a627d")
(package! rainbow-delimiters :pin "a32b39bdfe6c61c322c37226d66e1b6d4f107ed0")
(package! rainbow-mode :pin "949166cc0146bc9fabf74ce70c1c4a097f4cffd4")
(package! realgud :pin "aff03aeef1e40d2abb244240bab9787f4b3e6035")
(package! realgud-trepan-ni :pin "0ec088ea343835e24ae73da09bea96bfb02a3130")
(package! restart-emacs :pin "1607da2bc657fe05ae01f7fdf26f716eafead02c")
(package! restclient.el :pin "9e2cfa86529133eba6c9ef53794be182f15e4c21")
(package! reveal.js :pin "f6f657b627f9703e32414d8d3f16fb49d41031cb")
(package! rfc-mode :pin "c938c8134e7434b623ebfd92ad22586205cb1c92")
(package! rjsx-mode :pin "b697fe4d92cc84fa99a7bcb476f815935ea0d919")
(package! rustic :pin "6eec9713876d698510ee3715698fd42c1571e307")
(package! rust-mode :pin "22fff6a049402584e7120146c3db141c6f530bf6")
(package! sass-mode :pin "247a0d4b509f10b28e4687cd8763492bca03599b")
(package! saveplace-pdf-view :pin "54ed966b842501c3c092dbf57b372e37b033c578")
(package! sed-mode :pin "7ff7fc02364d15259d76383feb67661a29599a4f")
(package! s.el :pin "e957dcb0677da18b2bb60ad867db5df5c35b5616")
(package! sharper :pin "96edd4a1dbc267afdff0cb97298d1b05b7c2080c")
(package! shrink-path.el :pin "c14882c8599aec79a6e8ef2d06454254bb3e1e41")
(package! shut-up :pin "ff6f06f3b080ee833a25a22da8cb5b96e911dc77")
(package! skewer-mode :pin "e5bed351939c92a1f788f78398583c2f83f1bb3c")
(package! sln-mode :pin "0f91d1b957c7d2a7bab9278ec57b54d57f1dbd9c")
(package! smartparens :pin "8b6a3c3b31afd5b3f846e09859b5fc62eb06e7c1")
(package! snippets :pin "2d031f723164c6500ce68dcafe3dd30e6d3b23b1")
(package! spark :pin "c9af24a169b1f1aeba175f1f8d51abda113639af")
(package! sphinx-mode :pin "9d4075c106fc837006394c4c803281383f2ec6f3")
(package! spinner :pin "634529bb3173e09b37499f636de70abf29d9fa8a")
(package! straight.el :pin "3eca39dfc6797243ec7d1c6a7d45142407f73f88")
(package! synosaurus :pin "14d34fc92a77c3a916b4d58400424c44ae99cd81")
(package! systemd-mode :pin "8742607120fbc440821acbc351fda1e8e68a8806")
(package! tablist :pin "faab7a035ef2258cc4ea2182f67e3aedab7e2af9")
(package! terraform-mode :pin "e560caaa9d9a11b0868adf6d9dcae5ebb5055730")
(package! themes :pin "535800fd6ca7f5af56f7aa3d0e8f46fef8b7999b")
(package! tide :pin "b93e555858edc331ba33d1d8bd4582d578c7ca31")
(package! toc-org :pin "bf2e4b358efbd860ecafe6e74776de0885d9d100")
(package! transient :pin "c2bdf7e12c530eb85476d3aef317eb2941ab9440")
(package! treemacs :pin "9986d6cd3d2822db7ae0e6d8a275db7057f3e828")
(package! treepy.el :pin "7c4a0d21322506a4d4b2301b4274ec955b429b47")
(package! tree-sitter-langs :pin "d8f8ac4faeb4564fbb61e94a631b4672523d84a9")
(package! ts-fold :pin "01d6485398a553a4fc4bbb3910edeb881c657f1f")
(package! typescript.el :pin "88f317f0b6aef8f8d232e912fdbc679799580c56")
(package! undo-tree :pin "e326c6135e62f5fe8536528d3acd5e798f847407")
(package! use-package :pin "e2d173b1200865a9efd5c2066831a230497582c0")
(package! uuidgen-el :pin "7b728c1d92e196c3acf87a004949335cfc18eab3")
(package! vertico :pin "bedd146c3ffc236d746d088a94c3858eca0618d9")
(package! vimish-fold :pin "a6501cbfe3db791f9ca17fd986c7202a87f3adb8")
(package! visual-fill-column :pin "695a59789209c42fa08a5bce92963ee32f4455be")
(package! vline :pin "f5d7b5743dceca75b81c8c95287cd5b0341debf9")
(package! web-completion-data :pin "c272c94e8a71b779c29653a532f619acad433a4f")
(package! web-mode :pin "efa853e5cfff8e0bcacbda9d1c6696b33da91b03")
(package! with-editor :pin "bbc60f68ac190f02da8a100b6fb67cf1c27c53ab")
(package! wordnut :pin "feac531404041855312c1a046bde7ea18c674915")
(package! writegood-mode :pin "ed42d918d98826ad88928b7af9f2597502afc6b0")
(package! writeroom-mode :pin "eac1da790f316f357ed76ed67fbb790d6a4d126a")
(package! ws-butler :pin "572a10c11b6cb88293de48acbb59a059d36f9ba5")
(package! x509-mode :pin "3830cbfdadab4cd68e6f0b6a3a7a4931be8328ea")
(package! xref :pin "a82f459b37b31546bf274388baf8aca79e9c30d9")
(package! xref-js2 :pin "fd6b723e7f1f9793d189a815e1904364dc026b03")
(package! xterm-color :pin "1a4012854c69a5cdaeb5a73d2ad705011892fca3")
(package! yaml.el :pin "73fde9d8fbbaf2596449285df9eb412ae9dd74d9")
(package! yaml-mode :pin "535273d5a1eb76999d20afbcf4d9f056d8ffd2da")
(package! yasnippet :pin "5cbdbf0d2015540c59ed8ee0fcf4788effdf75b6")
