;; GNU Emacs     v29.2            nil
;; Doom core     v3.0.0-pre       HEAD -> master d6db0312f 2024-02-10 16:57:45 -0500
;; Doom modules  v24.02.0-pre     HEAD -> master d6db0312f 2024-02-10 16:57:45 -0500
(package! ace-window :pin "77115afc1b0b9f633084cf7479c767988106c196")
(package! adaptive-wrap :pin "70005d2012ab57c20be03c05aebd49318fe49c99")
(package! adoc-mode :pin "2c2eb8043623aa99d35aacbad2ee39188bf1bad3")
(package! a.el :pin "93e5ed8c495794d1ba3c04b43041b95ce01079b1")
(package! alert :pin "7774b5fd2feb98d4910ff06435d08c19fba93e26")
(package! all-the-icons-completion :pin "8eb3e410d63f5d0657b41829e7898793e81f31c0")
(package! all-the-icons-dired :pin "5e9b097f9950cc9f86de922b07903a4e5fefc733")
(package! all-the-icons.el :pin "ee414384938ccf2ce93c77d717b85dc5538a257d")
(package! anaconda-mode :pin "efd42aa8736d855a3c95e06e6daf4aa797290a93")
(package! anaphora :pin "a755afa7db7f3fa515f8dd2c0518113be0b027f6")
(package! annalist.el :pin "134fa3f0fb91a636a1c005c483516d4b64905a6d")
(package! ansible-doc :pin "86083a7bb2ed0468ca64e52076b06441a2f8e9e0")
(package! anzu :pin "26fb50b429ee968eb944b0615dd0aed1dd66172c")
(package! auctex :pin "86b2397abdc20a638e5751251026727bc6282022")
(package! auto-minor-mode :pin "17cfa1b54800fdef2975c0c0531dad34846a5065")
(package! auto-yasnippet :pin "6a9e406d0d7f9dfd6dff7647f358cb05a0b1637e")
(package! avy :pin "be612110cb116a38b8603df367942e2bb3d9bdbe")
(package! better-jumper :pin "47622213783ece37d5337dc28d33b530540fc319")
(package! browse-at-remote :pin "76aa27dfd469fcae75ed7031bb73830831aaccbf")
(package! bui.el :pin "f3a137628e112a91910fd33c0cff0948fa58d470")
(package! centered-window-mode :pin "80965f6c6afe8d918481433984b493de72af5399")
(package! cfrs :pin "f3a21f237b2a54e6b9f8a420a9da42b4f0a63121")
(package! circe :pin "d374042741cfd0691135f215d311dca8b7a47d19")
(package! circe-notifications :pin "291149ac12877bbd062da993479d3533a26862b0")
(package! closql :pin "81f04f60aab27c0d9161746384d4eeb0633202e2")
(package! cmake-mode :pin "b08b5d9045308362a623a4f576896d55ffecfd52")
(package! code-review :pin "2670a4beb6636e6ee596c5b7cb5e784cf33d5a98")
(package! col-highlight :pin "ab60456a4b96cde2710761ff342db3716dc50776")
(package! company-anaconda :pin "dabc0adc9a0e56357e046de5fd4dbd8fc797e542")
(package! company-ansible :pin "79dd421b161efa49fbdffad57fa40edb41f484a3")
(package! company-auctex :pin "9400a2ec7459dde8cbf1a5d50dfee4e300ed7e18")
(package! company-box :pin "b6f53e26adf948aca55c3ff6c22c21a6a6614253")
(package! company-glsl :pin "404cd0694ab34971f9c01eb22126cd2e7d3f9dc4")
(package! company-go :pin "31948b463f2fc18f8801e5a8fe511fef300eb3dd")
(package! company-lua :pin "29f6819de4d691e5fd0b62893a9f4fbc1c6fcb52")
(package! company-math :pin "3eb006874e309ff4076d947fcbd61bb6806aa508")
(package! company-mode :pin "0c0186cca8e7e9a12a44ffe42ad7037ffa6bfac7")
(package! company-nginx :pin "8a9f1a5653fe2d9a5042bfb9377d54f37fcc64c8")
(package! company-reftex :pin "42eb98c6504e65989635d95ab81b65b9d5798e76")
(package! company-restclient :pin "e5a3ec54edb44776738c13e13e34c85b3085277b")
(package! company-shell :pin "5f959a63a6e66eb0cbdac3168cad523a62cc2ccd")
(package! company-web :pin "863fb84b81ed283474e50330cd8d27b1ca0d74f1")
(package! compat :pin "eb8fbfa5582a8e5880e2eaa66d15d498bca6a45a")
(package! consult :pin "9463146ba754103db9475ae56e46561366ba4773")
(package! consult-dir :pin "3f5f4b71ebe819392cb090cda71bd39a93bd830a")
(package! consult-flycheck :pin "d83f87581af74f7a2739d8b1b90c37da5ae3d310")
(package! consult-lsp :pin "f8db3252c0daa41225ba4ed1c0d178b281cd3e90")
(package! csharp-mode :pin "02c61c219b2c22491eff9b7315fed661fab423d4")
(package! csproj-mode :pin "a7f0f4610c976a28c41b9b8299892f88b5d0336c")
(package! csv-mode :pin "81c1a9febd2adf79cfbdf939081ef7bf3a41ffd6")
(package! cuda-mode :pin "7f593518fd135fc6af994024bcb47986dfa502d2")
(package! dap-mode :pin "2f0c5b28578ce65ec746e4084ba72ba5c652ea79")
(package! dash-docs :pin "29848b6b347ac520f7646c200ed2ec36cea3feda")
(package! dash.el :pin "5df7605da5a080df769d4f260034fb0e5e86a7a4")
(package! define-word :pin "31a8c67405afa99d0e25e7c86a4ee7ef84a808fe")
(package! demangle-mode :pin "04f545adab066708d6151f13da65aaf519f8ac4e")
(package! diff-hl :pin "b8b2727a72fdf64ac98e6cfa136a43cb0cacf72f")
(package! diredfl :pin "f6d599c30875ab4894c1deab9713ff2faea54e06")
(package! dired-git-info :pin "6b6f2a5d716debba9a7dcac623d5a1e4c799eb62")
(package! dired-rsync :pin "5bcb851f3bf9c4f7c07299fcc25be7c408a68cda")
(package! dirvish :pin "4fe9c00894304e99aca22ae4b6b656fe94b8f927")
(package! disaster :pin "16bba9afb92aacf06c088c29ba47813b65a80d87")
(package! docker.el :pin "d5255a65b7240d0038cc417f301b43df05a27922")
(package! dockerfile-mode :pin "52c6c00da1d31c0b6c29c74335b3af63ed6bf06c")
(package! docker-tramp.el :pin "19d0771db4e6b89e19c00af5806438e315779c15")
(package! doom-modeline :pin "9816e6a9d1216daf8f1ad07a04e8e657e3c6656a")
(package! drag-stuff.el :pin "6d06d846cd37c052d79acd0f372c13006aa7e7c8")
(package! dtrt-indent :pin "0230ec503283b895bd3df6c1e30b35a01aa0b9af")
(package! dumb-jump :pin "ede6a04187e79a29ef31d14760ac0d8d4c5f4cc5")
(package! ebnf-mode :pin "61486b1c9d4746249640410e58087e318f801ed8")
(package! edit-indirect :pin "82a28d8a85277cfe453af464603ea330eae41c05")
(package! editorconfig-emacs :pin "4b81a5992858cbf03bcd7ed6ef31e4be0b55a7c1")
(package! ef-themes :pin "e21939f8282d66e7ef298223f35d2a4fa1a71d43")
(package! eldoc :pin "be58e7c1708abc399e28ea6eee13b3d871c8abf7")
(package! elfeed :pin "55fb162fa27e71b88effa59a83c57842e262b00f")
(package! el-get :pin "4f0d43b3da56794149e9cf8fd80c91a48f8cb55a")
(package! elisp-def :pin "1ad4baccbf3d0d13e7607d332ae6bc60a5dd7360")
(package! elisp-demos :pin "1a108d1c5011f9ced58be2ca98bea1fbd4130a2f")
(package! elisp-refs :pin "541a064c3ce27867872cf708354a65d83baf2a6d")
(package! elisp-tree-sitter :pin "3cfab8a0e945db9b3df84437f27945746a43cc71")
(package! emacs-aio :pin "da93523e235529fa97d6f251319d9e1d6fc24a41")
(package! emacs-ansible :pin "d89ac0ee57742cca0f0e0a3453d9dcc521575690")
(package! emacs-async :pin "d040f72cb0be5265d50ac541ddb09ebbc68b7908")
(package! emacs-bash-completion :pin "f1daac0386c24cbe8a244a62c7588cc6847b07ae")
(package! emacs-bitwarden :pin "072b9e4584c58a31d187e1ed16cbe7fcf81e2792")
(package! emacs-buttercup :pin "24d43b2ce262faf59e5ff9f72466efb293aa6154")
(package! emacs-ccls :pin "9b4a47e0418de8cc2fc93317e27cbdde75286df1")
(package! emacs-company-dict :pin "cd7b8394f6014c57897f65d335d6b2bd65dab1f4")
(package! emacs-company-terraform :pin "8d5a16d1bbeeb18ca49a8fd57b5d8cd30c8b8dc7")
(package! emacs-deferred :pin "2239671d94b38d92e9b28d4e12fd79814cfb9c16")
(package! emacs-emojify :pin "1b726412f19896abf5e4857d4c32220e33400b55")
(package! emacs-everywhere :pin "fbeff19825336777dccaefedf3f376dd622cd294")
(package! emacs-fish :pin "2526b1803b58cf145bc70ff6ce2adb3f6c246f89")
(package! emacs-fish-completion :pin "d34d0b96fde63feedf13c4288183d8d4d4d748cf")
(package! emacs-go-tag :pin "33f2059551d5298ca228d90f525b99d1a8d70364")
(package! emacs-hide-mode-line :pin "bc5d293576c5e08c29e694078b96a5ed85631942")
(package! emacs-htmlize :pin "dd27bc3f26efd728f2b1f01f9e4ac4f61f2ffbf9")
(package! emacs-ipython-notebook :pin "998ba22660be2035cd23bed1555e47748c4da8a2")
(package! emacs-k8s-mode :pin "83266cecd6a39cdf57d124270646047860bfb7ab")
(package! emacs-kv :pin "721148475bce38a70e0b678ba8aa923652e8900e")
(package! Emacs-langtool :pin "d86101eafe9a994eb0425e08e7c1795e9cb0cd42")
(package! emacs-libvterm :pin "94e2b0b2b4a750e7907dacd5b4c0584900846dd1")
(package! emacs-load-env-vars :pin "3808520efaf9492033f6e11a9bffd68eabf02a0f")
(package! emacs-load-relative :pin "b7987c265a64435299d6b02f960ed2c894c4a145")
(package! emacs-loc-changes :pin "622371e432f50626aaac82f8ee2841f71685b0fb")
(package! emacsmirror-mirror :pin "cee023f5e045f395a25d2056735900c6443cc401")
(package! emacs-pug-mode :pin "73f8c2f95eba695f701df20c8436f49abadebdc1")
(package! emacs-python-pytest :pin "bdfb3e81eedc6b76ed0c5f77079e7cc8adff7b00")
(package! emacsql :pin "fdcf44749650b978532e056dc8e108c3c1741ed3")
(package! emacs-request :pin "01e338c335c07e4407239619e57361944a82cb8a")
(package! emacs-slim :pin "3636d18ab1c8b316eea71c4732eb44743e2ded87")
(package! emacs-solaire-mode :pin "8af65fbdc50b25ed3214da949b8a484527c7cc14")
(package! emacs-spell-fu :pin "e4031935803c66eca2f076dce72b0a6a770d026c")
(package! emacs-test-simple :pin "8b191842318bb05da74052025192d32ebebb033a")
(package! emacs-vdiff :pin "170e968c6a46a572b30c52c1b038232d418734cc")
(package! emacs-vdiff-magit :pin "413f32c9f7e66f8379c23b5ab6341695dbcc2f20")
(package! emacs-w3m :pin "dc5136d20a546cbf741e0e5835a441859fdab384")
(package! emacs-web-server :pin "3982c55e9061475038a3ccd61aecb2de3d407cec")
(package! emacs-websocket :pin "40c208eaab99999d7c1e4bea883648da24c03be3")
(package! Emacs-wgrep :pin "208b9d01cfffa71037527e3a324684b3ce45ddc4")
(package! emacs-which-key :pin "4d20bc852545a2e602f59084a630f888542052b1")
(package! emacs-zmq :pin "9d5679c54f361f518a426586b51686674fd3b0fa")
(package! embark :pin "60139db8794f7e4a08076d9f7597d08f6c8083d1")
(package! embrace.el :pin "c7e748603151d7d91c237fd2d9cdf56e9f3b1ea8")
(package! emmet-mode :pin "63b6932603184956b5ea8919036d2b307b48d7fd")
(package! envrc :pin "1385e72a730924664697a0961d43516a47a977d7")
(package! epl :pin "78ab7a85c08222cd15582a298a364774e3282ce6")
(package! eros :pin "a9a92bdc6be0521a6a06eb464be55ed61946639c")
(package! eshell-did-you-mean :pin "80cd8c4b186a2fb29621cf634bcf2bcd914f1e3d")
(package! eshell-syntax-highlighting :pin "4ac27eec6595ba116a6151dfaf0b0e0440101e10")
(package! eshell-up :pin "ff84e6069b98f2ed00857a0f78bff19d96e4955c")
(package! eshell-z :pin "337cb241e17bd472bd3677ff166a0800f684213c")
(package! esh-help :pin "417673ed18a983930a66a6692dbfb288a995cb80")
(package! es-mode :pin "e82465fd785688bb58918ea62ca4de06a2a23a1e")
(package! esxml :pin "225693096a587492d76bf696d1f0c25c61f7d531")
(package! evil :pin "5995f6f21f662484440ed67a28ce59e365feb9ad")
(package! evil-anzu :pin "d1e98ee6976437164627542909a25c6946497899")
(package! evil-args :pin "2671071a4a57eaee7cc8c27b9e4b6fc60fd2ccd3")
(package! evil-collection :pin "8c84f9bc89fe56e71b56519f886085ddcbc671cf")
(package! evil-easymotion :pin "f96c2ed38ddc07908db7c3c11bcd6285a3e8c2e9")
(package! evil-embrace.el :pin "3081d37811b6a3dfaaf01d578c7ab7a746c6064d")
(package! evil-escape :pin "819f1ee1cf3f69a1ae920e6004f2c0baeebbe077")
(package! evil-exchange :pin "5f0a2d41434c17c6fb02e4f744043775de1c63a2")
(package! evil-goggles :pin "34ca276a85f615d2b45e714c9f8b5875bcb676f3")
(package! evil-indent-plus :pin "f392696e4813f1d3a92c7eeed333248914ba6dae")
(package! evil-lion :pin "1e838a53b8f18a3c8bdf3e952186abc2ee9cb98e")
(package! evil-markdown :pin "8e6cc68af83914b2fa9fd3a3b8472573dbcef477")
(package! evil-mc :pin "bdf893ea6f52fd0f10bece8ddae813658e17bbb4")
(package! evil-multiedit :pin "23b53bc8743fb82a8854ba907b1d277374c93a79")
(package! evil-nerd-commenter :pin "3b197a2b559b06a7cf39978704b196f53dac802a")
(package! evil-numbers :pin "7a1b62afc12da2b582bf84d722e7b10ca8b97065")
(package! evil-org-mode :pin "a9706da260c45b98601bcd72b1d2c0a24a017700")
(package! evil-quick-diff :pin "69c883720b30a892c63bc89f49d4f0e8b8028908")
(package! evil-snipe :pin "c2108d3932fcd2f75ac3e48250d6badd668f5b4f")
(package! evil-surround :pin "c7116cdc774b1e259eaf3e9e7a318a6c99c2da17")
(package! evil-tex :pin "2a3177c818f106e6c11032ac261f8691f5e11f74")
(package! evil-textobj-anyblock :pin "29280cd71a05429364cdceef2ff595ae8afade4d")
(package! evil-textobj-tree-sitter :pin "220ceae065852ef4f717fa41efd1ab51ca2346d3")
(package! evil-traces :pin "82e8a7b4213aed140f6eb5f2cc33a09bb5587166")
(package! evil-vimish-fold :pin "b6e0e6b91b8cd047e80debef1a536d9d49eef31a")
(package! evil-visualstar :pin "06c053d8f7381f91c53311b1234872ca96ced752")
(package! exato :pin "aee7af7b7a0e7551478f453d1de7d5b9cb2e06c4")
(package! expand-region.el :pin "e8f4e0fe9c9a80a6a26e2b438502aba9a799d580")
(package! explain-pause-mode :pin "2356c8c3639cbeeb9751744dbe737267849b4b51")
(package! fd-dired :pin "458464771bb220b6eb87ccfd4c985c436e57dc7e")
(package! f.el :pin "4f03d7bb724a9049b0ab9ef86127694756f99656")
(package! flycheck :pin "e56e30d8c66ffc9776d07740658d3b542c1a8e21")
(package! flycheck-cask :pin "0eeec5197e9d31bfcfc39380b262d65259a87d91")
(package! flycheck-golangci-lint :pin "9def093e416e9a6ddd3cae8590dbb7ff6314925a")
(package! flycheck-package :pin "75efa098cf17dc14c363e2ca9b68afdac7766b5b")
(package! flycheck-popup-tip :pin "ef86aad907f27ca076859d8d9416f4f7727619c6")
(package! flycheck-posframe :pin "19896b922c76a0f460bf3fe8d8ebc2f9ac9028d8")
(package! font-lock-ext :pin "b6c82e8ac7996d96494a54454015a98ceb883feb")
(package! forge :pin "3fc6c362b0162082317c128c9c3226529f6965ae")
(package! frame-local :pin "7ee1106c3bcd4022f48421f8cb1ef4f995da816e")
(package! fringe-helper.el :pin "ef4a9c023bae18ec1ddd7265f1f2d6d2e775efdd")
(package! gcmh :pin "0089f9c3a6d4e9a310d0791cf6fa8f35642ecfd9")
(package! general.el :pin "bda777cd303db217fd2fbf2087eff40ec4aafda1")
(package! ghub :pin "c59de91717c2343ccba3adb9047d846edc35bc36")
(package! git-modes :pin "3cc94974c09c43462dfbfbe20396a414352dbb92")
(package! git-timemachine :pin "ac933e5cd29583c131401f3bd991d98129c316df")
(package! glsl-mode :pin "9b2e5f28e489a1f73c4aed734105618ac0dc0c43")
(package! gntp.el :pin "767571135e2c0985944017dc59b0be79af222ef5")
(package! gnu-elpa-mirror :pin "5779c96cfc03274ee2f320a82eedda20373122c9")
(package! gnuplot :pin "7138b139d2dca9683f1a81325c643b2744aa1ea3")
(package! gnuplot-mode :pin "601f6392986f0cba332c87678d31ae0d0a496ce7")
(package! go-eldoc :pin "cbbd2ea1e94a36004432a9ac61414cb5a95a39bd")
(package! go-gen-test :pin "af00a9abbaba2068502327ecdef574fd894a884b")
(package! go-mode.el :pin "8dce1e3ba1cdc34a856ad53c8421413cfe33660e")
(package! gorepl-mode :pin "6a73bf352e8d893f89cad36c958c4db2b5e35e07")
(package! go-template-mode :pin "dcd12037308446179f26f7d2ab2c034a1e995d2e")
(package! goto-chg :pin "278cd3e6d5107693aa2bb33189ca503f22f227d0")
(package! gptel :pin "226f8f0d9091e1feb113623ab6da5fdc471994e8")
(package! graphviz-dot-mode :pin "8ff793b13707cb511875f56e167ff7f980a31136")
(package! grip-mode :pin "e145adb22593a88249d964f77174207bcf755493")
(package! groovy-emacs-modes :pin "7b8520b2e2d3ab1d62b35c426e17ac25ed0120bb")
(package! haml-mode :pin "a64d58df8f098f858c6c11fa1629a90969f9c7e8")
(package! haskell-mode :pin "43b4036bf02b02de75643a1a2a31e28efac1c50b")
(package! hcl-mode :pin "751b79247f326ab52e00032e805775c37ad9f080")
(package! helpful :pin "a32a5b3d959a7fccf09a71d97b3d7c888ac31c69")
(package! highlight-numbers :pin "8b4744c7f46c72b1d3d599d4fb75ef8183dee307")
(package! highlight-quoted :pin "24103478158cd19fbcfb4339a3f1fa1f054f1469")
(package! hl-todo :pin "f1fef158f99a70746926ef52c59f4863a29b7ed7")
(package! ht.el :pin "1c49aad1c820c86f7ee35bf9fff8429502f60fef")
(package! hydra :pin "317e1de33086637579a7aeb60f77ed0405bf359b")
(package! ibuffer-projectile :pin "710ecac1578273bf31debe52870f5844472e3428")
(package! ibuffer-vc :pin "66d02267334f536e978ed7f384f88bd04a3d4dbb")
(package! iedit :pin "27c61866b1b9b8d77629ac702e5f48e67dfe0d3b")
(package! imenu-list :pin "76f2335ee6f2f066d87fe4e4729219d70c9bc70d")
(package! inf-mongo :pin "2e498d1c88bd1904eeec18ed06b1a0cf8bdc2a92")
(package! info-colors :pin "2e237c301ba62f0e0286a27c1abe48c4c8441143")
(package! inheritenv :pin "bac62ca6324828623cf8ce5a3d6aee0fcb65d620")
(package! jade-mode :pin "1ad7c51f3c6a6ae64550d9510c5e4e8470014375")
(package! jeison :pin "19a51770f24eaa7b538c7be6a8a5c25d154b641f")
(package! jenkinsfile-mode :pin "568865ee419e0592de0dd0717d6769a66d9df111")
(package! jinja2-mode :pin "03e5430a7efe1d163a16beaf3c82c5fd2c2caee1")
(package! jq-mode :pin "37028e120041a489eff352b79202361cb232377e")
(package! js2-mode :pin "ca0af32eea0281322a9ce268d98f01fbb88bbb7a")
(package! js2-refactor.el :pin "a0977c4ce1918cc266db9d6cd7a2ab63f3a76b9a")
(package! json-mode :pin "bfd1557aaa20b7518b808fdc869f094b52205234")
(package! json-snatcher :pin "b28d1c0670636da6db508d03872d96ffddbc10f2")
(package! jupyter :pin "da306a6dbda6f1e285281765a311938a1d9db022")
(package! know-your-http-well :pin "184ccc6f7215851bcf5f45c3ce113fec13f41364")
(package! kubedoc.el :pin "a05ec7f1e3bc615054847121e80c09a0d637e447")
(package! kubel :pin "b7f852a5bd1f49bcf590ace59f7bfb7c54a96cfa")
(package! kubernetes-el :pin "423c216fdef06d32dde835bb91daff353f41b72e")
(package! latex-preview-pane :pin "5297668a89996b50b2b62f99cba01cc544dbed2e")
(package! ligature.el :pin "6ac1634612dbd42f7eb81ecaf022bd239aabb954")
(package! link-hint.el :pin "9153eafc776549376bb85d9ff555fef83aca8285")
(package! log4e :pin "6d71462df9bf595d3861bfb328377346aceed422")
(package! lsp-docker :pin "60e1103ac7c8e30d036ea65fad489210682d6259")
(package! lsp-haskell :pin "89d16370434e9a247e95b8b701f524f5abfc884b")
(package! lsp-mode :pin "799ca89908398ccf5cdf6b120642717b288ae238")
(package! lsp-pyright :pin "2f2631ae242d5770dbe6cb924e44c1ee5671789d")
(package! lsp-treemacs :pin "e54e74deb8150964e3c3024e1ec14295a34e2a3b")
(package! lsp-ui :pin "bc58c6664577d1d79060c6b32b7ad20e70ee19d0")
(package! lua-mode :pin "d074e4134b1beae9ed4c9b512af741ca0d852ba3")
(package! macrostep :pin "0b04a89f698c335c9ea492553470a8d45c113edd")
(package! magit :pin "b68e0a3c3388af8daac662f25ccfd3e980590e12")
(package! magit-popup :pin "d8585fa39f88956963d877b921322530257ba9f5")
(package! magit-todos :pin "debb77b3589f2d83c8b43706edc1f8f90bf1ad91")
(package! makefile-executor.el :pin "d1d98eaf522a767561f6c7cbd8d2526be58b3ec5")
(package! marginalia :pin "ea356ebb1ddb8d6da78574b517155475cf52d46f")
(package! markdown-mode :pin "e096bb97a91fcd4dc2b46d8b6e093194b03b7364")
(package! markdown-toc :pin "3d724e518a897343b5ede0b976d6fb46c46bcc01")
(package! math-symbol-lists :pin "ac3eb053d3b576fcdd192b0ac6ad5090ea3a7079")
(package! melpa :pin "c3ddb574892855f0e23283cc8bded51d857265d0")
(package! minimap :pin "90aeeb5798ff2fa8b08bd4965af5e43806e01645")
(package! mixed-pitch :pin "519e05f74825abf04b7d2e0e38ec040d013a125a")
(package! modern-cpp-font-lock :pin "43c6b68ff58fccdf9deef11674a172e4eaa8455c")
(package! multiple-cursors.el :pin "d36c62aa7194cbd3a1e275527738a198f34939ad")
(package! nerd-icons-completion :pin "c2db8557a3c1a9588d111f8c8e91cae96ee85010")
(package! nerd-icons-dired :pin "c1c73488630cc1d19ce1677359f614122ae4c1b9")
(package! nerd-icons.el :pin "c6a4acf19454b415cba1c43daf4bfca8fccdd9ba")
(package! nginx-mode :pin "6e9d96f58eddd69f62f7fd443d9b9753e16e0e96")
(package! nix-emacs :pin "053a2d5110ce05b7f99bcc2ac4804b70cbe87916")
(package! nix-mode :pin "719feb7868fb567ecfe5578f6119892c771ac5e5")
(package! nix-update-el :pin "aab70a38165575a9cb41726f1cc67df60fbf2832")
(package! noaa :pin "d0a80b5f1abb898c76731d9e017ea9127b9e2109")
(package! nodejs-repl.el :pin "3b841055cad00f442e4a9159b1056f59411b6646")
(package! nongnu-elpa :pin "547221c2a9b7968fc1313bc9d3fcd2e467d214b5")
(package! nose :pin "f8528297519eba911696c4e68fa88892de9a7b72")
(package! nov.el :pin "cc31ce0356226c3a2128119b08de6107e38fdd17")
(package! npm-mode :pin "3ee7c0bad5b7a041d4739ef3aaa06a3dc764e5eb")
(package! ob-async :pin "9aac486073f5c356ada20e716571be33a350a982")
(package! ob-go :pin "2067ed55f4c1d33a43cb3f6948609d240a8915f5")
(package! ob-mongo :pin "371bf19c7c10eab2f86424f8db8ab685997eb5aa")
(package! ob-racket :pin "d8fd51bddb019b0eb68755255f88fc800cfe03cb")
(package! ob-restclient.el :pin "8183f8af08838854cf145ca4855b373f3e7c44b0")
(package! opencl-mode :pin "15091eff92c33ee0d1ece40eb99299ef79fee92d")
(package! orderless :pin "b24748093b00b37c3a572c4909f61c08fa27504f")
(package! org :pin "7a6bb0904d01b50680f9028f7c0f3cfc6ae3aa6e")
(package! org-cliplink :pin "13e0940b65d22bec34e2de4bc8cba1412a7abfbc")
(package! org-contrib :pin "8fbaceb247a775ad1534af97859c740e82cc955a")
(package! org-download :pin "19e166f0a8c539b4144cfbc614309d47a9b2a9b7")
(package! orgit :pin "84bcb5c318f01b9ffc8d5aa18a7c393fe9c714b2")
(package! orgit-forge :pin "f2ff9e5ad68b3e860379a1d368ad6d8a9696b719")
(package! org-journal :pin "605a7eb984a95fc6ec122df800632bf56ff59514")
(package! org-noter :pin "8be376384772c1f053cb2ce907ddf4d484b390dd")
(package! org-pdftools :pin "4e420233a153a9c4ab3d1a7e1d7d3211c836f0ac")
(package! org-pomodoro :pin "3f5bcfb80d61556d35fc29e5ddb09750df962cc6")
(package! org-re-reveal :pin "7c39d15b841c7a8d197a24c89e5fef5d54e271aa")
(package! org-roam :pin "8667e441876cd2583fbf7282a65796ea149f0e5f")
(package! org-tree-slide :pin "e2599a106a26ce5511095e23df4ea04be6687a8a")
(package! org-yt :pin "56166f48e04d83668f70ed84706b7a4d8b1e5438")
(package! overseer.el :pin "7fdcf1a6fba6b1569a09c1666b4e51bcde266ed9")
(package! ox-clip :pin "ff117cf3c619eef12eccc0ccbfa3f11adb73ea68")
(package! ox-ipynb :pin "18635557bc031d05b0147ce59b88915bad3a9ee0")
(package! ox-pandoc :pin "399d787b6e2124bd782615338b845c3724a47718")
(package! ox-rst :pin "99fa790da55b57a3f2e9aa187493ba434a64250e")
(package! package-lint :pin "86371484e56f8f0f92624bfaf58fe2fbad7e199c")
(package! page-break-lines :pin "1b85352b0b16328d5c9e6a25baf93da3edaa6512")
(package! parent-mode :pin "fbd49857ab2e4cd0c5611c0cc83f93711657b298")
(package! pcre2el :pin "018531ba0cf8e2b28d1108136a0e031b6a45f1c1")
(package! pdf-tools :pin "c69e7656a4678fe25afbd29f3503dd19ee7f9896")
(package! persp-mode.el :pin "345baaa520ab2d62205f85cc5f29d57d6063c141")
(package! pfuture :pin "19b53aebbc0f2da31de6326c495038901bffb73c")
(package! pipenv.el :pin "3af159749824c03f59176aff7f66ddd6a5785a10")
(package! pip-requirements.el :pin "216cd1690f80cc965d4ae47b8753fc185f778ff6")
(package! pkg-info :pin "76ba7415480687d05a4353b27fea2ae02b8d9d61")
(package! polymode :pin "ca060e081a1f849a880732670dc15370ac987b89")
(package! popup-el :pin "4d6f6c22a5abf130fe8359171cb9d6b00dc41c0b")
(package! posframe :pin "017deece88360c7297265680d78a0bb316470716")
(package! powershell.el :pin "f2da15857e430206e215a3c65289b4058ae3c976")
(package! powerthesaurus :pin "d9ebb866f6fce469102665f187266f0a041cfc4b")
(package! project :pin "10a6b691e36ff897fb2a4b48896e08818afa77b0")
(package! projectile :pin "e45f0b0cc43fdc066e7971ff3ed3bf4c78015ed0")
(package! pyimport :pin "c006a5fd0e5c9e297aa2ad71b2f02f463286b5e3")
(package! py-isort.el :pin "e67306f459c47c53a65604e4eea88a3914596560")
(package! pythonic :pin "8250de0c1bc27e46175d11cfc14e5dac308cc02e")
(package! python-info :pin "306f15441b54b25757cdfd3b327b84024ea21ed7")
(package! pyvenv :pin "31ea715f2164dd611e7fc77b26390ef3ca93509b")
(package! queue :pin "7ab8f23e770f64f6bd28a44c46c8becfc1af03d8")
(package! quickrun :pin "248149b0261051bd9eec8bdbc21c22d18d7b1b11")
(package! racket-mode :pin "d3ab936af10909874443cadb2e6c952faf2f536f")
(package! rainbow-delimiters :pin "f40ece58df8b2f0fb6c8576b527755a552a5e763")
(package! rainbow-mode :pin "70ed10d410ef00c82c49b2ba41647930626d6218")
(package! realgud :pin "365063ea8ce8ec6a852cb388088d84147421c3c2")
(package! realgud-trepan-ni :pin "0ec088ea343835e24ae73da09bea96bfb02a3130")
(package! restart-emacs :pin "1607da2bc657fe05ae01f7fdf26f716eafead02c")
(package! restclient.el :pin "e2a2b13482d72634f8e49864cd9e5c907a5fe137")
(package! reveal.js :pin "16f6633014672567de85aefd1f4639ffea0dde56")
(package! rfc-mode :pin "ab09db78d9d1baa4da4f926930833598e1e978ce")
(package! rjsx-mode :pin "b697fe4d92cc84fa99a7bcb476f815935ea0d919")
(package! rustic :pin "39423d1cf4fa054c36bf9577356451f4c06ee148")
(package! rust-mode :pin "8bbe70b72fde8046e12e6a41ffbee6c9f6b4ddd7")
(package! sass-mode :pin "247a0d4b509f10b28e4687cd8763492bca03599b")
(package! saveplace-pdf-view :pin "abfb5e1f463cffc18218a0f7f2fa141a271b1813")
(package! sed-mode :pin "613d15d655f91419b6136a201bd650abdac1cdbc")
(package! s.el :pin "dda84d38fffdaf0c9b12837b504b402af910d01d")
(package! seq :pin "4355cde01767911660f761cf874edb412d06bd7a")
(package! sharper :pin "496e90e337cb09329d85a6d171c0953a85e918fe")
(package! shrink-path.el :pin "c14882c8599aec79a6e8ef2d06454254bb3e1e41")
(package! shut-up :pin "ff6f06f3b080ee833a25a22da8cb5b96e911dc77")
(package! skewer-mode :pin "e5bed351939c92a1f788f78398583c2f83f1bb3c")
(package! sln-mode :pin "0f91d1b957c7d2a7bab9278ec57b54d57f1dbd9c")
(package! smartparens :pin "0778a8a84064cf2bc3a9857bd0e7a4619cc1e5c3")
(package! snippets :pin "f022984ee1318a4015d5d081b3c3dab5a60dc6ff")
(package! spark :pin "0e58e5122cbb46fb6d850e3b72487431a3696861")
(package! sphinx-mode :pin "77ca51adf9ee877f3a8f43e744f59e650772f121")
(package! spinner :pin "67681b8f1580a7cd7a1aa49d78eaa30d11f7c178")
(package! straight.el :pin "b3760f5829dba37e855add7323304561eb57a3d4")
(package! synosaurus :pin "14d34fc92a77c3a916b4d58400424c44ae99cd81")
(package! systemd-mode :pin "8742607120fbc440821acbc351fda1e8e68a8806")
(package! tablist :pin "fcd37147121fabdf003a70279cf86fbe08cfac6f")
(package! terraform-mode :pin "e8b57df8c2a3d3171f3768f60eb84067f553289c")
(package! themes :pin "ff26f26ea3d761375f5fc4070438fbd0f3473d33")
(package! tide :pin "b38dfc3f8fb754e64e48e76fc92d472cb3d1a3dc")
(package! toc-org :pin "6d3ae0fc47ce79b1ea06cabe21a3c596395409cd")
(package! transient :pin "85ecbc66b68207275f81de4f9bd321474a6c8c61")
(package! treemacs :pin "025b7ce326bec062a33d772cc6548e55f940c622")
(package! treemacs-nerd-icons :pin "9876cb478145a0ec4e36f64ff6583f3de7126216")
(package! treepy.el :pin "75fe3ec37e6f9b2bdfd6d0584efd984d0c00a43e")
(package! tree-sitter-indent.el :pin "4ef246db3e4ff99f672fe5e4b416c890f885c09e")
(package! tree-sitter-langs :pin "2f0bfac4b3acd6c23cda184242a96991a1e358ce")
(package! ts-fold :pin "0627723e5f962fc72b238d4cf99a7f217e72aa3e")
(package! typescript.el :pin "4fcb4594819caf472ae42ea068a1c7795cf07f46")
(package! undo-tree :pin "f9e7eac16f674aa7ed8fa065401d26c0258a84f8")
(package! use-package :pin "a6e856418d2ebd053b34e0ab2fda328abeba731c")
(package! uuidgen-el :pin "cebbe09d27c63abe61fe8c2e2248587d90265b59")
(package! vertico :pin "4a7da56b02c6aefff8f6b4574a530a7cb54bc21a")
(package! vimish-fold :pin "a6501cbfe3db791f9ca17fd986c7202a87f3adb8")
(package! visual-fill-column :pin "db7c7c236555c9c684e1294a277efefdc25fa5c4")
(package! vline :pin "f5d7b5743dceca75b81c8c95287cd5b0341debf9")
(package! web-completion-data :pin "c272c94e8a71b779c29653a532f619acad433a4f")
(package! web-mode :pin "82847071ce93293bdb7945db08d970f13fd883cf")
(package! with-editor :pin "5db5f0eb2202f52d44f529fe00654c866bb64eb1")
(package! wordnut :pin "feac531404041855312c1a046bde7ea18c674915")
(package! writegood-mode :pin "d54eadeedb8bf3aa0e0a584c0a7373c69644f4b8")
(package! writeroom-mode :pin "f4d035e91d20bf1dd3f2857b9cc344f844979a78")
(package! ws-butler :pin "572a10c11b6cb88293de48acbb59a059d36f9ba5")
(package! x509-mode :pin "b19260d9863f1f7e310154fef71b1f3bd0871241")
(package! xref :pin "a82f459b37b31546bf274388baf8aca79e9c30d9")
(package! xref-js2 :pin "fd6b723e7f1f9793d189a815e1904364dc026b03")
(package! xterm-color :pin "2ad407c651e90fff2ea85d17bf074cee2c022912")
(package! yaml.el :pin "70c4fcead97e9bd6594e418c922ae769818f4245")
(package! yaml-mode :pin "5b58248ab255dff6cfa4c4057a191bc4446ee5b6")
(package! yasnippet :pin "297546f0853a6a51f5b05e954d0c6aea8caa5ec2")
